// !$*UTF8*$!
{
	archiveVersion = 1;
	classes = {
	};
	objectVersion = 46;
	objects = {

/* Begin PBXBuildFile section */
		74F86EB91C6EC447000479E5 /* AppDelegate.swift in Sources */ = {isa = PBXBuildFile; fileRef = 74F86EB81C6EC447000479E5 /* AppDelegate.swift */; };
		74F86EBB1C6EC447000479E5 /* ViewController.swift in Sources */ = {isa = PBXBuildFile; fileRef = 74F86EBA1C6EC447000479E5 /* ViewController.swift */; };
		74F86EBE1C6EC447000479E5 /* Main.storyboard in Resources */ = {isa = PBXBuildFile; fileRef = 74F86EBC1C6EC447000479E5 /* Main.storyboard */; };
		74F86EC01C6EC447000479E5 /* Assets.xcassets in Resources */ = {isa = PBXBuildFile; fileRef = 74F86EBF1C6EC447000479E5 /* Assets.xcassets */; };
		74F86EC31C6EC447000479E5 /* LaunchScreen.storyboard in Resources */ = {isa = PBXBuildFile; fileRef = 74F86EC11C6EC447000479E5 /* LaunchScreen.storyboard */; };
		74F86ECE1C6EC447000479E5 /* GatchaTestTests.swift in Sources */ = {isa = PBXBuildFile; fileRef = 74F86ECD1C6EC447000479E5 /* GatchaTestTests.swift */; };
		74F86ED91C6EC447000479E5 /* GatchaTestUITests.swift in Sources */ = {isa = PBXBuildFile; fileRef = 74F86ED81C6EC447000479E5 /* GatchaTestUITests.swift */; };
		74F86EFD1C6EC6A9000479E5 /* AnimationUtility.swift in Sources */ = {isa = PBXBuildFile; fileRef = 74F86EE71C6EC6A9000479E5 /* AnimationUtility.swift */; };
		74F86EFE1C6EC6A9000479E5 /* bg_blue@2x.png in Resources */ = {isa = PBXBuildFile; fileRef = 74F86EE91C6EC6A9000479E5 /* bg_blue@2x.png */; };
		74F86EFF1C6EC6A9000479E5 /* bg_gold@2x.png in Resources */ = {isa = PBXBuildFile; fileRef = 74F86EEA1C6EC6A9000479E5 /* bg_gold@2x.png */; };
		74F86F001C6EC6A9000479E5 /* bg_red@2x.png in Resources */ = {isa = PBXBuildFile; fileRef = 74F86EEB1C6EC6A9000479E5 /* bg_red@2x.png */; };
		74F86F011C6EC6A9000479E5 /* gacha@2x (1).png in Resources */ = {isa = PBXBuildFile; fileRef = 74F86EEC1C6EC6A9000479E5 /* gacha@2x (1).png */; };
		74F86F021C6EC6A9000479E5 /* gacha@2x.png in Resources */ = {isa = PBXBuildFile; fileRef = 74F86EED1C6EC6A9000479E5 /* gacha@2x.png */; };
		74F86F031C6EC6A9000479E5 /* Default-568h@2x.png in Resources */ = {isa = PBXBuildFile; fileRef = 74F86EEF1C6EC6A9000479E5 /* Default-568h@2x.png */; };
		74F86F041C6EC6A9000479E5 /* Default-667h@2x.png in Resources */ = {isa = PBXBuildFile; fileRef = 74F86EF01C6EC6A9000479E5 /* Default-667h@2x.png */; };
		74F86F051C6EC6A9000479E5 /* Default-736h@3x.png in Resources */ = {isa = PBXBuildFile; fileRef = 74F86EF11C6EC6A9000479E5 /* Default-736h@3x.png */; };
		74F86F061C6EC6A9000479E5 /* monster001.png in Resources */ = {isa = PBXBuildFile; fileRef = 74F86EF31C6EC6A9000479E5 /* monster001.png */; };
		74F86F071C6EC6A9000479E5 /* monster002.png in Resources */ = {isa = PBXBuildFile; fileRef = 74F86EF41C6EC6A9000479E5 /* monster002.png */; };
		74F86F081C6EC6A9000479E5 /* monster003.png in Resources */ = {isa = PBXBuildFile; fileRef = 74F86EF51C6EC6A9000479E5 /* monster003.png */; };
		74F86F091C6EC6A9000479E5 /* monster004.png in Resources */ = {isa = PBXBuildFile; fileRef = 74F86EF61C6EC6A9000479E5 /* monster004.png */; };
		74F86F0A1C6EC6A9000479E5 /* monster005.png in Resources */ = {isa = PBXBuildFile; fileRef = 74F86EF71C6EC6A9000479E5 /* monster005.png */; };
		74F86F0B1C6EC6A9000479E5 /* monster006.png in Resources */ = {isa = PBXBuildFile; fileRef = 74F86EF81C6EC6A9000479E5 /* monster006.png */; };
		74F86F0C1C6EC6A9000479E5 /* monster007.png in Resources */ = {isa = PBXBuildFile; fileRef = 74F86EF91C6EC6A9000479E5 /* monster007.png */; };
		74F86F0D1C6EC6A9000479E5 /* monster008.png in Resources */ = {isa = PBXBuildFile; fileRef = 74F86EFA1C6EC6A9000479E5 /* monster008.png */; };
		74F86F0E1C6EC6A9000479E5 /* monster009.png in Resources */ = {isa = PBXBuildFile; fileRef = 74F86EFB1C6EC6A9000479E5 /* monster009.png */; };
		74F86F0F1C6EC6A9000479E5 /* monster010.png in Resources */ = {isa = PBXBuildFile; fileRef = 74F86EFC1C6EC6A9000479E5 /* monster010.png */; };
		74F86F111C6EC74F000479E5 /* ResultViewController.swift in Sources */ = {isa = PBXBuildFile; fileRef = 74F86F101C6EC74F000479E5 /* ResultViewController.swift */; };
/* End PBXBuildFile section */

/* Begin PBXContainerItemProxy section */
		74F86ECA1C6EC447000479E5 /* PBXContainerItemProxy */ = {
			isa = PBXContainerItemProxy;
			containerPortal = 74F86EAD1C6EC447000479E5 /* Project object */;
			proxyType = 1;
			remoteGlobalIDString = 74F86EB41C6EC447000479E5;
			remoteInfo = GatchaTest;
		};
		74F86ED51C6EC447000479E5 /* PBXContainerItemProxy */ = {
			isa = PBXContainerItemProxy;
			containerPortal = 74F86EAD1C6EC447000479E5 /* Project object */;
			proxyType = 1;
			remoteGlobalIDString = 74F86EB41C6EC447000479E5;
			remoteInfo = GatchaTest;
		};
/* End PBXContainerItemProxy section */

/* Begin PBXFileReference section */
		74F86EB51C6EC447000479E5 /* GatchaTest.app */ = {isa = PBXFileReference; explicitFileType = wrapper.application; includeInIndex = 0; path = GatchaTest.app; sourceTree = BUILT_PRODUCTS_DIR; };
		74F86EB81C6EC447000479E5 /* AppDelegate.swift */ = {isa = PBXFileReference; lastKnownFileType = sourcecode.swift; path = AppDelegate.swift; sourceTree = "<group>"; };
		74F86EBA1C6EC447000479E5 /* ViewController.swift */ = {isa = PBXFileReference; lastKnownFileType = sourcecode.swift; path = ViewController.swift; sourceTree = "<group>"; };
		74F86EBD1C6EC447000479E5 /* Base */ = {isa = PBXFileReference; lastKnownFileType = file.storyboard; name = Base; path = Base.lproj/Main.storyboard; sourceTree = "<group>"; };
		74F86EBF1C6EC447000479E5 /* Assets.xcassets */ = {isa = PBXFileReference; lastKnownFileType = folder.assetcatalog; path = Assets.xcassets; sourceTree = "<group>"; };
		74F86EC21C6EC447000479E5 /* Base */ = {isa = PBXFileReference; lastKnownFileType = file.storyboard; name = Base; path = Base.lproj/LaunchScreen.storyboard; sourceTree = "<group>"; };
		74F86EC41C6EC447000479E5 /* Info.plist */ = {isa = PBXFileReference; lastKnownFileType = text.plist.xml; path = Info.plist; sourceTree = "<group>"; };
		74F86EC91C6EC447000479E5 /* GatchaTestTests.xctest */ = {isa = PBXFileReference; explicitFileType = wrapper.cfbundle; includeInIndex = 0; path = GatchaTestTests.xctest; sourceTree = BUILT_PRODUCTS_DIR; };
		74F86ECD1C6EC447000479E5 /* GatchaTestTests.swift */ = {isa = PBXFileReference; lastKnownFileType = sourcecode.swift; path = GatchaTestTests.swift; sourceTree = "<group>"; };
		74F86ECF1C6EC447000479E5 /* Info.plist */ = {isa = PBXFileReference; lastKnownFileType = text.plist.xml; path = Info.plist; sourceTree = "<group>"; };
		74F86ED41C6EC447000479E5 /* GatchaTestUITests.xctest */ = {isa = PBXFileReference; explicitFileType = wrapper.cfbundle; includeInIndex = 0; path = GatchaTestUITests.xctest; sourceTree = BUILT_PRODUCTS_DIR; };
		74F86ED81C6EC447000479E5 /* GatchaTestUITests.swift */ = {isa = PBXFileReference; lastKnownFileType = sourcecode.swift; path = GatchaTestUITests.swift; sourceTree = "<group>"; };
		74F86EDA1C6EC447000479E5 /* Info.plist */ = {isa = PBXFileReference; lastKnownFileType = text.plist.xml; path = Info.plist; sourceTree = "<group>"; };
		74F86EE71C6EC6A9000479E5 /* AnimationUtility.swift */ = {isa = PBXFileReference; fileEncoding = 4; lastKnownFileType = sourcecode.swift; path = AnimationUtility.swift; sourceTree = "<group>"; };
		74F86EE91C6EC6A9000479E5 /* bg_blue@2x.png */ = {isa = PBXFileReference; lastKnownFileType = image.png; path = "bg_blue@2x.png"; sourceTree = "<group>"; };
		74F86EEA1C6EC6A9000479E5 /* bg_gold@2x.png */ = {isa = PBXFileReference; lastKnownFileType = image.png; path = "bg_gold@2x.png"; sourceTree = "<group>"; };
		74F86EEB1C6EC6A9000479E5 /* bg_red@2x.png */ = {isa = PBXFileReference; lastKnownFileType = image.png; path = "bg_red@2x.png"; sourceTree = "<group>"; };
		74F86EEC1C6EC6A9000479E5 /* gacha@2x (1).png */ = {isa = PBXFileReference; lastKnownFileType = image.png; path = "gacha@2x (1).png"; sourceTree = "<group>"; };
		74F86EED1C6EC6A9000479E5 /* gacha@2x.png */ = {isa = PBXFileReference; lastKnownFileType = image.png; path = "gacha@2x.png"; sourceTree = "<group>"; };
		74F86EEF1C6EC6A9000479E5 /* Default-568h@2x.png */ = {isa = PBXFileReference; lastKnownFileType = image.png; path = "Default-568h@2x.png"; sourceTree = "<group>"; };
		74F86EF01C6EC6A9000479E5 /* Default-667h@2x.png */ = {isa = PBXFileReference; lastKnownFileType = image.png; path = "Default-667h@2x.png"; sourceTree = "<group>"; };
		74F86EF11C6EC6A9000479E5 /* Default-736h@3x.png */ = {isa = PBXFileReference; lastKnownFileType = image.png; path = "Default-736h@3x.png"; sourceTree = "<group>"; };
		74F86EF31C6EC6A9000479E5 /* monster001.png */ = {isa = PBXFileReference; lastKnownFileType = image.png; path = monster001.png; sourceTree = "<group>"; };
		74F86EF41C6EC6A9000479E5 /* monster002.png */ = {isa = PBXFileReference; lastKnownFileType = image.png; path = monster002.png; sourceTree = "<group>"; };
		74F86EF51C6EC6A9000479E5 /* monster003.png */ = {isa = PBXFileReference; lastKnownFileType = image.png; path = monster003.png; sourceTree = "<group>"; };
		74F86EF61C6EC6A9000479E5 /* monster004.png */ = {isa = PBXFileReference; lastKnownFileType = image.png; path = monster004.png; sourceTree = "<group>"; };
		74F86EF71C6EC6A9000479E5 /* monster005.png */ = {isa = PBXFileReference; lastKnownFileType = image.png; path = monster005.png; sourceTree = "<group>"; };
		74F86EF81C6EC6A9000479E5 /* monster006.png */ = {isa = PBXFileReference; lastKnownFileType = image.png; path = monster006.png; sourceTree = "<group>"; };
		74F86EF91C6EC6A9000479E5 /* monster007.png */ = {isa = PBXFileReference; lastKnownFileType = image.png; path = monster007.png; sourceTree = "<group>"; };
		74F86EFA1C6EC6A9000479E5 /* monster008.png */ = {isa = PBXFileReference; lastKnownFileType = image.png; path = monster008.png; sourceTree = "<group>"; };
		74F86EFB1C6EC6A9000479E5 /* monster009.png */ = {isa = PBXFileReference; lastKnownFileType = image.png; path = monster009.png; sourceTree = "<group>"; };
		74F86EFC1C6EC6A9000479E5 /* monster010.png */ = {isa = PBXFileReference; lastKnownFileType = image.png; path = monster010.png; sourceTree = "<group>"; };
		74F86F101C6EC74F000479E5 /* ResultViewController.swift */ = {isa = PBXFileReference; fileEncoding = 4; lastKnownFileType = sourcecode.swift; path = ResultViewController.swift; sourceTree = "<group>"; };
/* End PBXFileReference section */

/* Begin PBXFrameworksBuildPhase section */
		74F86EB21C6EC447000479E5 /* Frameworks */ = {
			isa = PBXFrameworksBuildPhase;
			buildActionMask = 2147483647;
			files = (
			);
			runOnlyForDeploymentPostprocessing = 0;
		};
		74F86EC61C6EC447000479E5 /* Frameworks */ = {
			isa = PBXFrameworksBuildPhase;
			buildActionMask = 2147483647;
			files = (
			);
			runOnlyForDeploymentPostprocessing = 0;
		};
		74F86ED11C6EC447000479E5 /* Frameworks */ = {
			isa = PBXFrameworksBuildPhase;
			buildActionMask = 2147483647;
			files = (
			);
			runOnlyForDeploymentPostprocessing = 0;
		};
/* End PBXFrameworksBuildPhase section */

/* Begin PBXGroup section */
		74F86EAC1C6EC447000479E5 = {
			isa = PBXGroup;
			children = (
				74F86EB71C6EC447000479E5 /* GatchaTest */,
				74F86ECC1C6EC447000479E5 /* GatchaTestTests */,
				74F86ED71C6EC447000479E5 /* GatchaTestUITests */,
				74F86EB61C6EC447000479E5 /* Products */,
			);
			sourceTree = "<group>";
		};
		74F86EB61C6EC447000479E5 /* Products */ = {
			isa = PBXGroup;
			children = (
				74F86EB51C6EC447000479E5 /* GatchaTest.app */,
				74F86EC91C6EC447000479E5 /* GatchaTestTests.xctest */,
				74F86ED41C6EC447000479E5 /* GatchaTestUITests.xctest */,
			);
			name = Products;
			sourceTree = "<group>";
		};
		74F86EB71C6EC447000479E5 /* GatchaTest */ = {
			isa = PBXGroup;
			children = (
				74F86EB81C6EC447000479E5 /* AppDelegate.swift */,
				74F86EBA1C6EC447000479E5 /* ViewController.swift */,
				74F86EE61C6EC6A9000479E5 /* GachaResources */,
				74F86EBC1C6EC447000479E5 /* Main.storyboard */,
				74F86EBF1C6EC447000479E5 /* Assets.xcassets */,
				74F86EC11C6EC447000479E5 /* LaunchScreen.storyboard */,
				74F86EC41C6EC447000479E5 /* Info.plist */,
				74F86F101C6EC74F000479E5 /* ResultViewController.swift */,
			);
			path = GatchaTest;
			sourceTree = "<group>";
		};
		74F86ECC1C6EC447000479E5 /* GatchaTestTests */ = {
			isa = PBXGroup;
			children = (
				74F86ECD1C6EC447000479E5 /* GatchaTestTests.swift */,
				74F86ECF1C6EC447000479E5 /* Info.plist */,
			);
			path = GatchaTestTests;
			sourceTree = "<group>";
		};
		74F86ED71C6EC447000479E5 /* GatchaTestUITests */ = {
			isa = PBXGroup;
			children = (
				74F86ED81C6EC447000479E5 /* GatchaTestUITests.swift */,
				74F86EDA1C6EC447000479E5 /* Info.plist */,
			);
			path = GatchaTestUITests;
			sourceTree = "<group>";
		};
		74F86EE61C6EC6A9000479E5 /* GachaResources */ = {
			isa = PBXGroup;
			children = (
				74F86EE71C6EC6A9000479E5 /* AnimationUtility.swift */,
				74F86EE81C6EC6A9000479E5 /* background */,
				74F86EEE1C6EC6A9000479E5 /* Defaults */,
				74F86EF21C6EC6A9000479E5 /* monster */,
			);
			path = GachaResources;
			sourceTree = "<group>";
		};
		74F86EE81C6EC6A9000479E5 /* background */ = {
			isa = PBXGroup;
			children = (
				74F86EE91C6EC6A9000479E5 /* bg_blue@2x.png */,
				74F86EEA1C6EC6A9000479E5 /* bg_gold@2x.png */,
				74F86EEB1C6EC6A9000479E5 /* bg_red@2x.png */,
				74F86EEC1C6EC6A9000479E5 /* gacha@2x (1).png */,
				74F86EED1C6EC6A9000479E5 /* gacha@2x.png */,
			);
			path = background;
			sourceTree = "<group>";
		};
		74F86EEE1C6EC6A9000479E5 /* Defaults */ = {
			isa = PBXGroup;
			children = (
				74F86EEF1C6EC6A9000479E5 /* Default-568h@2x.png */,
				74F86EF01C6EC6A9000479E5 /* Default-667h@2x.png */,
				74F86EF11C6EC6A9000479E5 /* Default-736h@3x.png */,
			);
			path = Defaults;
			sourceTree = "<group>";
		};
		74F86EF21C6EC6A9000479E5 /* monster */ = {
			isa = PBXGroup;
			children = (
				74F86EF31C6EC6A9000479E5 /* monster001.png */,
				74F86EF41C6EC6A9000479E5 /* monster002.png */,
				74F86EF51C6EC6A9000479E5 /* monster003.png */,
				74F86EF61C6EC6A9000479E5 /* monster004.png */,
				74F86EF71C6EC6A9000479E5 /* monster005.png */,
				74F86EF81C6EC6A9000479E5 /* monster006.png */,
				74F86EF91C6EC6A9000479E5 /* monster007.png */,
				74F86EFA1C6EC6A9000479E5 /* monster008.png */,
				74F86EFB1C6EC6A9000479E5 /* monster009.png */,
				74F86EFC1C6EC6A9000479E5 /* monster010.png */,
			);
			path = monster;
			sourceTree = "<group>";
		};
/* End PBXGroup section */

/* Begin PBXNativeTarget section */
		74F86EB41C6EC447000479E5 /* GatchaTest */ = {
			isa = PBXNativeTarget;
			buildConfigurationList = 74F86EDD1C6EC447000479E5 /* Build configuration list for PBXNativeTarget "GatchaTest" */;
			buildPhases = (
				74F86EB11C6EC447000479E5 /* Sources */,
				74F86EB21C6EC447000479E5 /* Frameworks */,
				74F86EB31C6EC447000479E5 /* Resources */,
			);
			buildRules = (
			);
			dependencies = (
			);
			name = GatchaTest;
			productName = GatchaTest;
			productReference = 74F86EB51C6EC447000479E5 /* GatchaTest.app */;
			productType = "com.apple.product-type.application";
		};
		74F86EC81C6EC447000479E5 /* GatchaTestTests */ = {
			isa = PBXNativeTarget;
			buildConfigurationList = 74F86EE01C6EC447000479E5 /* Build configuration list for PBXNativeTarget "GatchaTestTests" */;
			buildPhases = (
				74F86EC51C6EC447000479E5 /* Sources */,
				74F86EC61C6EC447000479E5 /* Frameworks */,
				74F86EC71C6EC447000479E5 /* Resources */,
			);
			buildRules = (
			);
			dependencies = (
				74F86ECB1C6EC447000479E5 /* PBXTargetDependency */,
			);
			name = GatchaTestTests;
			productName = GatchaTestTests;
			productReference = 74F86EC91C6EC447000479E5 /* GatchaTestTests.xctest */;
			productType = "com.apple.product-type.bundle.unit-test";
		};
		74F86ED31C6EC447000479E5 /* GatchaTestUITests */ = {
			isa = PBXNativeTarget;
			buildConfigurationList = 74F86EE31C6EC447000479E5 /* Build configuration list for PBXNativeTarget "GatchaTestUITests" */;
			buildPhases = (
				74F86ED01C6EC447000479E5 /* Sources */,
				74F86ED11C6EC447000479E5 /* Frameworks */,
				74F86ED21C6EC447000479E5 /* Resources */,
			);
			buildRules = (
			);
			dependencies = (
				74F86ED61C6EC447000479E5 /* PBXTargetDependency */,
			);
			name = GatchaTestUITests;
			productName = GatchaTestUITests;
			productReference = 74F86ED41C6EC447000479E5 /* GatchaTestUITests.xctest */;
			productType = "com.apple.product-type.bundle.ui-testing";
		};
/* End PBXNativeTarget section */

/* Begin PBXProject section */
		74F86EAD1C6EC447000479E5 /* Project object */ = {
			isa = PBXProject;
			attributes = {
				LastSwiftUpdateCheck = 0720;
				LastUpgradeCheck = 0720;
				ORGANIZATIONNAME = PCUser;
				TargetAttributes = {
					74F86EB41C6EC447000479E5 = {
						CreatedOnToolsVersion = 7.2.1;
						DevelopmentTeam = ACW6WUWCFC;
					};
					74F86EC81C6EC447000479E5 = {
						CreatedOnToolsVersion = 7.2.1;
						DevelopmentTeam = ACW6WUWCFC;
						TestTargetID = 74F86EB41C6EC447000479E5;
					};
					74F86ED31C6EC447000479E5 = {
						CreatedOnToolsVersion = 7.2.1;
						DevelopmentTeam = ACW6WUWCFC;
						TestTargetID = 74F86EB41C6EC447000479E5;
					};
				};
			};
			buildConfigurationList = 74F86EB01C6EC447000479E5 /* Build configuration list for PBXProject "GatchaTest" */;
			compatibilityVersion = "Xcode 3.2";
			developmentRegion = English;
			hasScannedForEncodings = 0;
			knownRegions = (
				en,
				Base,
			);
			mainGroup = 74F86EAC1C6EC447000479E5;
			productRefGroup = 74F86EB61C6EC447000479E5 /* Products */;
			projectDirPath = "";
			projectRoot = "";
			targets = (
				74F86EB41C6EC447000479E5 /* GatchaTest */,
				74F86EC81C6EC447000479E5 /* GatchaTestTests */,
				74F86ED31C6EC447000479E5 /* GatchaTestUITests */,
			);
		};
/* End PBXProject section */

/* Begin PBXResourcesBuildPhase section */
		74F86EB31C6EC447000479E5 /* Resources */ = {
			isa = PBXResourcesBuildPhase;
			buildActionMask = 2147483647;
			files = (
				74F86F0B1C6EC6A9000479E5 /* monster006.png in Resources */,
				74F86EC31C6EC447000479E5 /* LaunchScreen.storyboard in Resources */,
				74F86F071C6EC6A9000479E5 /* monster002.png in Resources */,
				74F86EFF1C6EC6A9000479E5 /* bg_gold@2x.png in Resources */,
				74F86F031C6EC6A9000479E5 /* Default-568h@2x.png in Resources */,
				74F86F091C6EC6A9000479E5 /* monster004.png in Resources */,
				74F86F051C6EC6A9000479E5 /* Default-736h@3x.png in Resources */,
				74F86F011C6EC6A9000479E5 /* gacha@2x (1).png in Resources */,
				74F86EC01C6EC447000479E5 /* Assets.xcassets in Resources */,
				74F86F0F1C6EC6A9000479E5 /* monster010.png in Resources */,
				74F86EBE1C6EC447000479E5 /* Main.storyboard in Resources */,
				74F86F0C1C6EC6A9000479E5 /* monster007.png in Resources */,
				74F86F021C6EC6A9000479E5 /* gacha@2x.png in Resources */,
				74F86EFE1C6EC6A9000479E5 /* bg_blue@2x.png in Resources */,
				74F86F0D1C6EC6A9000479E5 /* monster008.png in Resources */,
				74F86F0E1C6EC6A9000479E5 /* monster009.png in Resources */,
				74F86F081C6EC6A9000479E5 /* monster003.png in Resources */,
				74F86F001C6EC6A9000479E5 /* bg_red@2x.png in Resources */,
				74F86F061C6EC6A9000479E5 /* monster001.png in Resources */,
				74F86F0A1C6EC6A9000479E5 /* monster005.png in Resources */,
				74F86F041C6EC6A9000479E5 /* Default-667h@2x.png in Resources */,
			);
			runOnlyForDeploymentPostprocessing = 0;
		};
		74F86EC71C6EC447000479E5 /* Resources */ = {
			isa = PBXResourcesBuildPhase;
			buildActionMask = 2147483647;
			files = (
			);
			runOnlyForDeploymentPostprocessing = 0;
		};
		74F86ED21C6EC447000479E5 /* Resources */ = {
			isa = PBXResourcesBuildPhase;
			buildActionMask = 2147483647;
			files = (
			);
			runOnlyForDeploymentPostprocessing = 0;
		};
/* End PBXResourcesBuildPhase section */

/* Begin PBXSourcesBuildPhase section */
		74F86EB11C6EC447000479E5 /* Sources */ = {
			isa = PBXSourcesBuildPhase;
			buildActionMask = 2147483647;
			files = (
				74F86EBB1C6EC447000479E5 /* ViewController.swift in Sources */,
				74F86EB91C6EC447000479E5 /* AppDelegate.swift in Sources */,
				74F86EFD1C6EC6A9000479E5 /* AnimationUtility.swift in Sources */,
				74F86F111C6EC74F000479E5 /* ResultViewController.swift in Sources */,
			);
			runOnlyForDeploymentPostprocessing = 0;
		};
		74F86EC51C6EC447000479E5 /* Sources */ = {
			isa = PBXSourcesBuildPhase;
			buildActionMask = 2147483647;
			files = (
				74F86ECE1C6EC447000479E5 /* GatchaTestTests.swift in Sources */,
			);
			runOnlyForDeploymentPostprocessing = 0;
		};
		74F86ED01C6EC447000479E5 /* Sources */ = {
			isa = PBXSourcesBuildPhase;
			buildActionMask = 2147483647;
			files = (
				74F86ED91C6EC447000479E5 /* GatchaTestUITests.swift in Sources */,
			);
			runOnlyForDeploymentPostprocessing = 0;
		};
/* End PBXSourcesBuildPhase section */

/* Begin PBXTargetDependency section */
		74F86ECB1C6EC447000479E5 /* PBXTargetDependency */ = {
			isa = PBXTargetDependency;
			target = 74F86EB41C6EC447000479E5 /* GatchaTest */;
			targetProxy = 74F86ECA1C6EC447000479E5 /* PBXContainerItemProxy */;
		};
		74F86ED61C6EC447000479E5 /* PBXTargetDependency */ = {
			isa = PBXTargetDependency;
			target = 74F86EB41C6EC447000479E5 /* GatchaTest */;
			targetProxy = 74F86ED51C6EC447000479E5 /* PBXContainerItemProxy */;
		};
/* End PBXTargetDependency section */

/* Begin PBXVariantGroup section */
		74F86EBC1C6EC447000479E5 /* Main.storyboard */ = {
			isa = PBXVariantGroup;
			children = (
				74F86EBD1C6EC447000479E5 /* Base */,
			);
			name = Main.storyboard;
			sourceTree = "<group>";
		};
		74F86EC11C6EC447000479E5 /* LaunchScreen.storyboard */ = {
			isa = PBXVariantGroup;
			children = (
				74F86EC21C6EC447000479E5 /* Base */,
			);
			name = LaunchScreen.storyboard;
			sourceTree = "<group>";
		};
/* End PBXVariantGroup section */

/* Begin XCBuildConfiguration section */
		74F86EDB1C6EC447000479E5 /* Debug */ = {
			isa = XCBuildConfiguration;
			buildSettings = {
				ALWAYS_SEARCH_USER_PATHS = NO;
				CLANG_CXX_LANGUAGE_STANDARD = "gnu++0x";
				CLANG_CXX_LIBRARY = "libc++";
				CLANG_ENABLE_MODULES = YES;
				CLANG_ENABLE_OBJC_ARC = YES;
				CLANG_WARN_BOOL_CONVERSION = YES;
				CLANG_WARN_CONSTANT_CONVERSION = YES;
				CLANG_WARN_DIRECT_OBJC_ISA_USAGE = YES_ERROR;
				CLANG_WARN_EMPTY_BODY = YES;
				CLANG_WARN_ENUM_CONVERSION = YES;
				CLANG_WARN_INT_CONVERSION = YES;
				CLANG_WARN_OBJC_ROOT_CLASS = YES_ERROR;
				CLANG_WARN_UNREACHABLE_CODE = YES;
				CLANG_WARN__DUPLICATE_METHOD_MATCH = YES;
				"CODE_SIGN_IDENTITY[sdk=iphoneos*]" = "iPhone Developer";
				COPY_PHASE_STRIP = NO;
				DEBUG_INFORMATION_FORMAT = dwarf;
				ENABLE_STRICT_OBJC_MSGSEND = YES;
				ENABLE_TESTABILITY = YES;
				GCC_C_LANGUAGE_STANDARD = gnu99;
				GCC_DYNAMIC_NO_PIC = NO;
				GCC_NO_COMMON_BLOCKS = YES;
				GCC_OPTIMIZATION_LEVEL = 0;
				GCC_PREPROCESSOR_DEFINITIONS = (
					"DEBUG=1",
					"$(inherited)",
				);
				GCC_WARN_64_TO_32_BIT_CONVERSION = YES;
				GCC_WARN_ABOUT_RETURN_TYPE = YES_ERROR;
				GCC_WARN_UNDECLARED_SELECTOR = YES;
				GCC_WARN_UNINITIALIZED_AUTOS = YES_AGGRESSIVE;
				GCC_WARN_UNUSED_FUNCTION = YES;
				GCC_WARN_UNUSED_VARIABLE = YES;
				IPHONEOS_DEPLOYMENT_TARGET = 9.2;
				MTL_ENABLE_DEBUG_INFO = YES;
				ONLY_ACTIVE_ARCH = YES;
				SDKROOT = iphoneos;
				SWIFT_OPTIMIZATION_LEVEL = "-Onone";
			};
			name = Debug;
		};
		74F86EDC1C6EC447000479E5 /* Release */ = {
			isa = XCBuildConfiguration;
			buildSettings = {
				ALWAYS_SEARCH_USER_PATHS = NO;
				CLANG_CXX_LANGUAGE_STANDARD = "gnu++0x";
				CLANG_CXX_LIBRARY = "libc++";
				CLANG_ENABLE_MODULES = YES;
				CLANG_ENABLE_OBJC_ARC = YES;
				CLANG_WARN_BOOL_CONVERSION = YES;
				CLANG_WARN_CONSTANT_CONVERSION = YES;
				CLANG_WARN_DIRECT_OBJC_ISA_USAGE = YES_ERROR;
				CLANG_WARN_EMPTY_BODY = YES;
				CLANG_WARN_ENUM_CONVERSION = YES;
				CLANG_WARN_INT_CONVERSION = YES;
				CLANG_WARN_OBJC_ROOT_CLASS = YES_ERROR;
				CLANG_WARN_UNREACHABLE_CODE = YES;
				CLANG_WARN__DUPLICATE_METHOD_MATCH = YES;
				"CODE_SIGN_IDENTITY[sdk=iphoneos*]" = "iPhone Developer";
				COPY_PHASE_STRIP = NO;
				DEBUG_INFORMATION_FORMAT = "dwarf-with-dsym";
				ENABLE_NS_ASSERTIONS = NO;
				ENABLE_STRICT_OBJC_MSGSEND = YES;
				GCC_C_LANGUAGE_STANDARD = gnu99;
				GCC_NO_COMMON_BLOCKS = YES;
				GCC_WARN_64_TO_32_BIT_CONVERSION = YES;
				GCC_WARN_ABOUT_RETURN_TYPE = YES_ERROR;
				GCC_WARN_UNDECLARED_SELECTOR = YES;
				GCC_WARN_UNINITIALIZED_AUTOS = YES_AGGRESSIVE;
				GCC_WARN_UNUSED_FUNCTION = YES;
				GCC_WARN_UNUSED_VARIABLE = YES;
				IPHONEOS_DEPLOYMENT_TARGET = 9.2;
				MTL_ENABLE_DEBUG_INFO = NO;
				SDKROOT = iphoneos;
				VALIDATE_PRODUCT = YES;
			};
			name = Release;
		};
		74F86EDE1C6EC447000479E5 /* Debug */ = {
			isa = XCBuildConfiguration;
			buildSettings = {
				ASSETCATALOG_COMPILER_APPICON_NAME = AppIcon;
				INFOPLIST_FILE = GatchaTest/Info.plist;
				LD_RUNPATH_SEARCH_PATHS = "$(inherited) @executable_path/Frameworks";
				PRODUCT_BUNDLE_IDENTIFIER = com.litech.GatchaTest;
				PRODUCT_NAME = "$(TARGET_NAME)";
			};
			name = Debug;
		};
		74F86EDF1C6EC447000479E5 /* Release */ = {
			isa = XCBuildConfiguration;
			buildSettings = {
				ASSETCATALOG_COMPILER_APPICON_NAME = AppIcon;
				INFOPLIST_FILE = GatchaTest/Info.plist;
				LD_RUNPATH_SEARCH_PATHS = "$(inherited) @executable_path/Frameworks";
				PRODUCT_BUNDLE_IDENTIFIER = com.litech.GatchaTest;
				PRODUCT_NAME = "$(TARGET_NAME)";
			};
			name = Release;
		};
		74F86EE11C6EC447000479E5 /* Debug */ = {
			isa = XCBuildConfiguration;
			buildSettings = {
				BUNDLE_LOADER = "$(TEST_HOST)";
				INFOPLIST_FILE = GatchaTestTests/Info.plist;
				LD_RUNPATH_SEARCH_PATHS = "$(inherited) @executable_path/Frameworks @loader_path/Frameworks";
				PRODUCT_BUNDLE_IDENTIFIER = com.litech.GatchaTestTests;
				PRODUCT_NAME = "$(TARGET_NAME)";
				TEST_HOST = "$(BUILT_PRODUCTS_DIR)/GatchaTest.app/GatchaTest";
			};
			name = Debug;
		};
		74F86EE21C6EC447000479E5 /* Release */ = {
			isa = XCBuildConfiguration;
			buildSettings = {
				BUNDLE_LOADER = "$(TEST_HOST)";
				INFOPLIST_FILE = GatchaTestTests/Info.plist;
				LD_RUNPATH_SEARCH_PATHS = "$(inherited) @executable_path/Frameworks @loader_path/Frameworks";
				PRODUCT_BUNDLE_IDENTIFIER = com.litech.GatchaTestTests;
				PRODUCT_NAME = "$(TARGET_NAME)";
				TEST_HOST = "$(BUILT_PRODUCTS_DIR)/GatchaTest.app/GatchaTest";
			};
			name = Release;
		};
		74F86EE41C6EC447000479E5 /* Debug */ = {
			isa = XCBuildConfiguration;
			buildSettings = {
				INFOPLIST_FILE = GatchaTestUITests/Info.plist;
				LD_RUNPATH_SEARCH_PATHS = "$(inherited) @executable_path/Frameworks @loader_path/Frameworks";
				PRODUCT_BUNDLE_IDENTIFIER = com.litech.GatchaTestUITests;
				PRODUCT_NAME = "$(TARGET_NAME)";
				TEST_TARGET_NAME = GatchaTest;
				USES_XCTRUNNER = YES;
			};
			name = Debug;
		};
		74F86EE51C6EC447000479E5 /* Release */ = {
			isa = XCBuildConfiguration;
			buildSettings = {
				INFOPLIST_FILE = GatchaTestUITests/Info.plist;
				LD_RUNPATH_SEARCH_PATHS = "$(inherited) @executable_path/Frameworks @loader_path/Frameworks";
				PRODUCT_BUNDLE_IDENTIFIER = com.litech.GatchaTestUITests;
				PRODUCT_NAME = "$(TARGET_NAME)";
				TEST_TARGET_NAME = GatchaTest;
				USES_XCTRUNNER = YES;
			};
			name = Release;
		};
/* End XCBuildConfiguration section */

/* Begin XCConfigurationList section */
		74F86EB01C6EC447000479E5 /* Build configuration list for PBXProject "GatchaTest" */ = {
			isa = XCConfigurationList;
			buildConfigurations = (
				74F86EDB1C6EC447000479E5 /* Debug */,
				74F86EDC1C6EC447000479E5 /* Release */,
			);
			defaultConfigurationIsVisible = 0;
			defaultConfigurationName = Release;
		};
		74F86EDD1C6EC447000479E5 /* Build configuration list for PBXNativeTarget "GatchaTest" */ = {
			isa = XCConfigurationList;
			buildConfigurations = (
				74F86EDE1C6EC447000479E5 /* Debug */,
				74F86EDF1C6EC447000479E5 /* Release */,
			);
			defaultConfigurationIsVisible = 0;
		};
		74F86EE01C6EC447000479E5 /* Build configuration list for PBXNativeTarget "GatchaTestTests" */ = {
			isa = XCConfigurationList;
			buildConfigurations = (
				74F86EE11C6EC447000479E5 /* Debug */,
				74F86EE21C6EC447000479E5 /* Release */,
			);
			defaultConfigurationIsVisible = 0;
		};
		74F86EE31C6EC447000479E5 /* Build configuration list for PBXNativeTarget "GatchaTestUITests" */ = {
			isa = XCConfigurationList;
			buildConfigurations = (
				74F86EE41C6EC447000479E5 /* Debug */,
				74F86EE51C6EC447000479E5 /* Release */,
			);
			defaultConfigurationIsVisible = 0;
		};
/* End XCConfigurationList section */
	};
	rootObject = 74F86EAD1C6EC447000479E5 /* Project object */;
}
