// !$*UTF8*$!
{
	archiveVersion = 1;
	classes = {
	};
	objectVersion = 46;
	objects = {

/* Begin PBXBuildFile section */
		74F86E7F1C6EBF71000479E5 /* AppDelegate.swift in Sources */ = {isa = PBXBuildFile; fileRef = 74F86E7E1C6EBF71000479E5 /* AppDelegate.swift */; };
		74F86E811C6EBF71000479E5 /* ViewController.swift in Sources */ = {isa = PBXBuildFile; fileRef = 74F86E801C6EBF71000479E5 /* ViewController.swift */; };
		74F86E841C6EBF71000479E5 /* Main.storyboard in Resources */ = {isa = PBXBuildFile; fileRef = 74F86E821C6EBF71000479E5 /* Main.storyboard */; };
		74F86E861C6EBF71000479E5 /* Assets.xcassets in Resources */ = {isa = PBXBuildFile; fileRef = 74F86E851C6EBF71000479E5 /* Assets.xcassets */; };
		74F86E891C6EBF71000479E5 /* LaunchScreen.storyboard in Resources */ = {isa = PBXBuildFile; fileRef = 74F86E871C6EBF71000479E5 /* LaunchScreen.storyboard */; };
		74F86E941C6EBF71000479E5 /* Count4Tests.swift in Sources */ = {isa = PBXBuildFile; fileRef = 74F86E931C6EBF71000479E5 /* Count4Tests.swift */; };
		74F86E9F1C6EBF72000479E5 /* Count4UITests.swift in Sources */ = {isa = PBXBuildFile; fileRef = 74F86E9E1C6EBF72000479E5 /* Count4UITests.swift */; };
/* End PBXBuildFile section */

/* Begin PBXContainerItemProxy section */
		74F86E901C6EBF71000479E5 /* PBXContainerItemProxy */ = {
			isa = PBXContainerItemProxy;
			containerPortal = 74F86E731C6EBF71000479E5 /* Project object */;
			proxyType = 1;
			remoteGlobalIDString = 74F86E7A1C6EBF71000479E5;
			remoteInfo = Count4;
		};
		74F86E9B1C6EBF71000479E5 /* PBXContainerItemProxy */ = {
			isa = PBXContainerItemProxy;
			containerPortal = 74F86E731C6EBF71000479E5 /* Project object */;
			proxyType = 1;
			remoteGlobalIDString = 74F86E7A1C6EBF71000479E5;
			remoteInfo = Count4;
		};
/* End PBXContainerItemProxy section */

/* Begin PBXFileReference section */
		74F86E7B1C6EBF71000479E5 /* Count4.app */ = {isa = PBXFileReference; explicitFileType = wrapper.application; includeInIndex = 0; path = Count4.app; sourceTree = BUILT_PRODUCTS_DIR; };
		74F86E7E1C6EBF71000479E5 /* AppDelegate.swift */ = {isa = PBXFileReference; lastKnownFileType = sourcecode.swift; path = AppDelegate.swift; sourceTree = "<group>"; };
		74F86E801C6EBF71000479E5 /* ViewController.swift */ = {isa = PBXFileReference; lastKnownFileType = sourcecode.swift; path = ViewController.swift; sourceTree = "<group>"; };
		74F86E831C6EBF71000479E5 /* Base */ = {isa = PBXFileReference; lastKnownFileType = file.storyboard; name = Base; path = Base.lproj/Main.storyboard; sourceTree = "<group>"; };
		74F86E851C6EBF71000479E5 /* Assets.xcassets */ = {isa = PBXFileReference; lastKnownFileType = folder.assetcatalog; path = Assets.xcassets; sourceTree = "<group>"; };
		74F86E881C6EBF71000479E5 /* Base */ = {isa = PBXFileReference; lastKnownFileType = file.storyboard; name = Base; path = Base.lproj/LaunchScreen.storyboard; sourceTree = "<group>"; };
		74F86E8A1C6EBF71000479E5 /* Info.plist */ = {isa = PBXFileReference; lastKnownFileType = text.plist.xml; path = Info.plist; sourceTree = "<group>"; };
		74F86E8F1C6EBF71000479E5 /* Count4Tests.xctest */ = {isa = PBXFileReference; explicitFileType = wrapper.cfbundle; includeInIndex = 0; path = Count4Tests.xctest; sourceTree = BUILT_PRODUCTS_DIR; };
		74F86E931C6EBF71000479E5 /* Count4Tests.swift */ = {isa = PBXFileReference; lastKnownFileType = sourcecode.swift; path = Count4Tests.swift; sourceTree = "<group>"; };
		74F86E951C6EBF71000479E5 /* Info.plist */ = {isa = PBXFileReference; lastKnownFileType = text.plist.xml; path = Info.plist; sourceTree = "<group>"; };
		74F86E9A1C6EBF71000479E5 /* Count4UITests.xctest */ = {isa = PBXFileReference; explicitFileType = wrapper.cfbundle; includeInIndex = 0; path = Count4UITests.xctest; sourceTree = BUILT_PRODUCTS_DIR; };
		74F86E9E1C6EBF72000479E5 /* Count4UITests.swift */ = {isa = PBXFileReference; lastKnownFileType = sourcecode.swift; path = Count4UITests.swift; sourceTree = "<group>"; };
		74F86EA01C6EBF72000479E5 /* Info.plist */ = {isa = PBXFileReference; lastKnownFileType = text.plist.xml; path = Info.plist; sourceTree = "<group>"; };
/* End PBXFileReference section */

/* Begin PBXFrameworksBuildPhase section */
		74F86E781C6EBF71000479E5 /* Frameworks */ = {
			isa = PBXFrameworksBuildPhase;
			buildActionMask = 2147483647;
			files = (
			);
			runOnlyForDeploymentPostprocessing = 0;
		};
		74F86E8C1C6EBF71000479E5 /* Frameworks */ = {
			isa = PBXFrameworksBuildPhase;
			buildActionMask = 2147483647;
			files = (
			);
			runOnlyForDeploymentPostprocessing = 0;
		};
		74F86E971C6EBF71000479E5 /* Frameworks */ = {
			isa = PBXFrameworksBuildPhase;
			buildActionMask = 2147483647;
			files = (
			);
			runOnlyForDeploymentPostprocessing = 0;
		};
/* End PBXFrameworksBuildPhase section */

/* Begin PBXGroup section */
		74F86E721C6EBF71000479E5 = {
			isa = PBXGroup;
			children = (
				74F86E7D1C6EBF71000479E5 /* Count4 */,
				74F86E921C6EBF71000479E5 /* Count4Tests */,
				74F86E9D1C6EBF72000479E5 /* Count4UITests */,
				74F86E7C1C6EBF71000479E5 /* Products */,
			);
			sourceTree = "<group>";
		};
		74F86E7C1C6EBF71000479E5 /* Products */ = {
			isa = PBXGroup;
			children = (
				74F86E7B1C6EBF71000479E5 /* Count4.app */,
				74F86E8F1C6EBF71000479E5 /* Count4Tests.xctest */,
				74F86E9A1C6EBF71000479E5 /* Count4UITests.xctest */,
			);
			name = Products;
			sourceTree = "<group>";
		};
		74F86E7D1C6EBF71000479E5 /* Count4 */ = {
			isa = PBXGroup;
			children = (
				74F86E7E1C6EBF71000479E5 /* AppDelegate.swift */,
				74F86E801C6EBF71000479E5 /* ViewController.swift */,
				74F86E821C6EBF71000479E5 /* Main.storyboard */,
				74F86E851C6EBF71000479E5 /* Assets.xcassets */,
				74F86E871C6EBF71000479E5 /* LaunchScreen.storyboard */,
				74F86E8A1C6EBF71000479E5 /* Info.plist */,
			);
			path = Count4;
			sourceTree = "<group>";
		};
		74F86E921C6EBF71000479E5 /* Count4Tests */ = {
			isa = PBXGroup;
			children = (
				74F86E931C6EBF71000479E5 /* Count4Tests.swift */,
				74F86E951C6EBF71000479E5 /* Info.plist */,
			);
			path = Count4Tests;
			sourceTree = "<group>";
		};
		74F86E9D1C6EBF72000479E5 /* Count4UITests */ = {
			isa = PBXGroup;
			children = (
				74F86E9E1C6EBF72000479E5 /* Count4UITests.swift */,
				74F86EA01C6EBF72000479E5 /* Info.plist */,
			);
			path = Count4UITests;
			sourceTree = "<group>";
		};
/* End PBXGroup section */

/* Begin PBXNativeTarget section */
		74F86E7A1C6EBF71000479E5 /* Count4 */ = {
			isa = PBXNativeTarget;
			buildConfigurationList = 74F86EA31C6EBF72000479E5 /* Build configuration list for PBXNativeTarget "Count4" */;
			buildPhases = (
				74F86E771C6EBF71000479E5 /* Sources */,
				74F86E781C6EBF71000479E5 /* Frameworks */,
				74F86E791C6EBF71000479E5 /* Resources */,
			);
			buildRules = (
			);
			dependencies = (
			);
			name = Count4;
			productName = Count4;
			productReference = 74F86E7B1C6EBF71000479E5 /* Count4.app */;
			productType = "com.apple.product-type.application";
		};
		74F86E8E1C6EBF71000479E5 /* Count4Tests */ = {
			isa = PBXNativeTarget;
			buildConfigurationList = 74F86EA61C6EBF72000479E5 /* Build configuration list for PBXNativeTarget "Count4Tests" */;
			buildPhases = (
				74F86E8B1C6EBF71000479E5 /* Sources */,
				74F86E8C1C6EBF71000479E5 /* Frameworks */,
				74F86E8D1C6EBF71000479E5 /* Resources */,
			);
			buildRules = (
			);
			dependencies = (
				74F86E911C6EBF71000479E5 /* PBXTargetDependency */,
			);
			name = Count4Tests;
			productName = Count4Tests;
			productReference = 74F86E8F1C6EBF71000479E5 /* Count4Tests.xctest */;
			productType = "com.apple.product-type.bundle.unit-test";
		};
		74F86E991C6EBF71000479E5 /* Count4UITests */ = {
			isa = PBXNativeTarget;
			buildConfigurationList = 74F86EA91C6EBF72000479E5 /* Build configuration list for PBXNativeTarget "Count4UITests" */;
			buildPhases = (
				74F86E961C6EBF71000479E5 /* Sources */,
				74F86E971C6EBF71000479E5 /* Frameworks */,
				74F86E981C6EBF71000479E5 /* Resources */,
			);
			buildRules = (
			);
			dependencies = (
				74F86E9C1C6EBF71000479E5 /* PBXTargetDependency */,
			);
			name = Count4UITests;
			productName = Count4UITests;
			productReference = 74F86E9A1C6EBF71000479E5 /* Count4UITests.xctest */;
			productType = "com.apple.product-type.bundle.ui-testing";
		};
/* End PBXNativeTarget section */

/* Begin PBXProject section */
		74F86E731C6EBF71000479E5 /* Project object */ = {
			isa = PBXProject;
			attributes = {
				LastSwiftUpdateCheck = 0720;
				LastUpgradeCheck = 0720;
				ORGANIZATIONNAME = PCUser;
				TargetAttributes = {
					74F86E7A1C6EBF71000479E5 = {
						CreatedOnToolsVersion = 7.2.1;
						DevelopmentTeam = ACW6WUWCFC;
					};
					74F86E8E1C6EBF71000479E5 = {
						CreatedOnToolsVersion = 7.2.1;
						DevelopmentTeam = ACW6WUWCFC;
						TestTargetID = 74F86E7A1C6EBF71000479E5;
					};
					74F86E991C6EBF71000479E5 = {
						CreatedOnToolsVersion = 7.2.1;
						DevelopmentTeam = ACW6WUWCFC;
						TestTargetID = 74F86E7A1C6EBF71000479E5;
					};
				};
			};
			buildConfigurationList = 74F86E761C6EBF71000479E5 /* Build configuration list for PBXProject "Count4" */;
			compatibilityVersion = "Xcode 3.2";
			developmentRegion = English;
			hasScannedForEncodings = 0;
			knownRegions = (
				en,
				Base,
			);
			mainGroup = 74F86E721C6EBF71000479E5;
			productRefGroup = 74F86E7C1C6EBF71000479E5 /* Products */;
			projectDirPath = "";
			projectRoot = "";
			targets = (
				74F86E7A1C6EBF71000479E5 /* Count4 */,
				74F86E8E1C6EBF71000479E5 /* Count4Tests */,
				74F86E991C6EBF71000479E5 /* Count4UITests */,
			);
		};
/* End PBXProject section */

/* Begin PBXResourcesBuildPhase section */
		74F86E791C6EBF71000479E5 /* Resources */ = {
			isa = PBXResourcesBuildPhase;
			buildActionMask = 2147483647;
			files = (
				74F86E891C6EBF71000479E5 /* LaunchScreen.storyboard in Resources */,
				74F86E861C6EBF71000479E5 /* Assets.xcassets in Resources */,
				74F86E841C6EBF71000479E5 /* Main.storyboard in Resources */,
			);
			runOnlyForDeploymentPostprocessing = 0;
		};
		74F86E8D1C6EBF71000479E5 /* Resources */ = {
			isa = PBXResourcesBuildPhase;
			buildActionMask = 2147483647;
			files = (
			);
			runOnlyForDeploymentPostprocessing = 0;
		};
		74F86E981C6EBF71000479E5 /* Resources */ = {
			isa = PBXResourcesBuildPhase;
			buildActionMask = 2147483647;
			files = (
			);
			runOnlyForDeploymentPostprocessing = 0;
		};
/* End PBXResourcesBuildPhase section */

/* Begin PBXSourcesBuildPhase section */
		74F86E771C6EBF71000479E5 /* Sources */ = {
			isa = PBXSourcesBuildPhase;
			buildActionMask = 2147483647;
			files = (
				74F86E811C6EBF71000479E5 /* ViewController.swift in Sources */,
				74F86E7F1C6EBF71000479E5 /* AppDelegate.swift in Sources */,
			);
			runOnlyForDeploymentPostprocessing = 0;
		};
		74F86E8B1C6EBF71000479E5 /* Sources */ = {
			isa = PBXSourcesBuildPhase;
			buildActionMask = 2147483647;
			files = (
				74F86E941C6EBF71000479E5 /* Count4Tests.swift in Sources */,
			);
			runOnlyForDeploymentPostprocessing = 0;
		};
		74F86E961C6EBF71000479E5 /* Sources */ = {
			isa = PBXSourcesBuildPhase;
			buildActionMask = 2147483647;
			files = (
				74F86E9F1C6EBF72000479E5 /* Count4UITests.swift in Sources */,
			);
			runOnlyForDeploymentPostprocessing = 0;
		};
/* End PBXSourcesBuildPhase section */

/* Begin PBXTargetDependency section */
		74F86E911C6EBF71000479E5 /* PBXTargetDependency */ = {
			isa = PBXTargetDependency;
			target = 74F86E7A1C6EBF71000479E5 /* Count4 */;
			targetProxy = 74F86E901C6EBF71000479E5 /* PBXContainerItemProxy */;
		};
		74F86E9C1C6EBF71000479E5 /* PBXTargetDependency */ = {
			isa = PBXTargetDependency;
			target = 74F86E7A1C6EBF71000479E5 /* Count4 */;
			targetProxy = 74F86E9B1C6EBF71000479E5 /* PBXContainerItemProxy */;
		};
/* End PBXTargetDependency section */

/* Begin PBXVariantGroup section */
		74F86E821C6EBF71000479E5 /* Main.storyboard */ = {
			isa = PBXVariantGroup;
			children = (
				74F86E831C6EBF71000479E5 /* Base */,
			);
			name = Main.storyboard;
			sourceTree = "<group>";
		};
		74F86E871C6EBF71000479E5 /* LaunchScreen.storyboard */ = {
			isa = PBXVariantGroup;
			children = (
				74F86E881C6EBF71000479E5 /* Base */,
			);
			name = LaunchScreen.storyboard;
			sourceTree = "<group>";
		};
/* End PBXVariantGroup section */

/* Begin XCBuildConfiguration section */
		74F86EA11C6EBF72000479E5 /* Debug */ = {
			isa = XCBuildConfiguration;
			buildSettings = {
				ALWAYS_SEARCH_USER_PATHS = NO;
				CLANG_CXX_LANGUAGE_STANDARD = "gnu++0x";
				CLANG_CXX_LIBRARY = "libc++";
				CLANG_ENABLE_MODULES = YES;
				CLANG_ENABLE_OBJC_ARC = YES;
				CLANG_WARN_BOOL_CONVERSION = YES;
				CLANG_WARN_CONSTANT_CONVERSION = YES;
				CLANG_WARN_DIRECT_OBJC_ISA_USAGE = YES_ERROR;
				CLANG_WARN_EMPTY_BODY = YES;
				CLANG_WARN_ENUM_CONVERSION = YES;
				CLANG_WARN_INT_CONVERSION = YES;
				CLANG_WARN_OBJC_ROOT_CLASS = YES_ERROR;
				CLANG_WARN_UNREACHABLE_CODE = YES;
				CLANG_WARN__DUPLICATE_METHOD_MATCH = YES;
				"CODE_SIGN_IDENTITY[sdk=iphoneos*]" = "iPhone Developer";
				COPY_PHASE_STRIP = NO;
				DEBUG_INFORMATION_FORMAT = dwarf;
				ENABLE_STRICT_OBJC_MSGSEND = YES;
				ENABLE_TESTABILITY = YES;
				GCC_C_LANGUAGE_STANDARD = gnu99;
				GCC_DYNAMIC_NO_PIC = NO;
				GCC_NO_COMMON_BLOCKS = YES;
				GCC_OPTIMIZATION_LEVEL = 0;
				GCC_PREPROCESSOR_DEFINITIONS = (
					"DEBUG=1",
					"$(inherited)",
				);
				GCC_WARN_64_TO_32_BIT_CONVERSION = YES;
				GCC_WARN_ABOUT_RETURN_TYPE = YES_ERROR;
				GCC_WARN_UNDECLARED_SELECTOR = YES;
				GCC_WARN_UNINITIALIZED_AUTOS = YES_AGGRESSIVE;
				GCC_WARN_UNUSED_FUNCTION = YES;
				GCC_WARN_UNUSED_VARIABLE = YES;
				IPHONEOS_DEPLOYMENT_TARGET = 9.2;
				MTL_ENABLE_DEBUG_INFO = YES;
				ONLY_ACTIVE_ARCH = YES;
				SDKROOT = iphoneos;
				SWIFT_OPTIMIZATION_LEVEL = "-Onone";
			};
			name = Debug;
		};
		74F86EA21C6EBF72000479E5 /* Release */ = {
			isa = XCBuildConfiguration;
			buildSettings = {
				ALWAYS_SEARCH_USER_PATHS = NO;
				CLANG_CXX_LANGUAGE_STANDARD = "gnu++0x";
				CLANG_CXX_LIBRARY = "libc++";
				CLANG_ENABLE_MODULES = YES;
				CLANG_ENABLE_OBJC_ARC = YES;
				CLANG_WARN_BOOL_CONVERSION = YES;
				CLANG_WARN_CONSTANT_CONVERSION = YES;
				CLANG_WARN_DIRECT_OBJC_ISA_USAGE = YES_ERROR;
				CLANG_WARN_EMPTY_BODY = YES;
				CLANG_WARN_ENUM_CONVERSION = YES;
				CLANG_WARN_INT_CONVERSION = YES;
				CLANG_WARN_OBJC_ROOT_CLASS = YES_ERROR;
				CLANG_WARN_UNREACHABLE_CODE = YES;
				CLANG_WARN__DUPLICATE_METHOD_MATCH = YES;
				"CODE_SIGN_IDENTITY[sdk=iphoneos*]" = "iPhone Developer";
				COPY_PHASE_STRIP = NO;
				DEBUG_INFORMATION_FORMAT = "dwarf-with-dsym";
				ENABLE_NS_ASSERTIONS = NO;
				ENABLE_STRICT_OBJC_MSGSEND = YES;
				GCC_C_LANGUAGE_STANDARD = gnu99;
				GCC_NO_COMMON_BLOCKS = YES;
				GCC_WARN_64_TO_32_BIT_CONVERSION = YES;
				GCC_WARN_ABOUT_RETURN_TYPE = YES_ERROR;
				GCC_WARN_UNDECLARED_SELECTOR = YES;
				GCC_WARN_UNINITIALIZED_AUTOS = YES_AGGRESSIVE;
				GCC_WARN_UNUSED_FUNCTION = YES;
				GCC_WARN_UNUSED_VARIABLE = YES;
				IPHONEOS_DEPLOYMENT_TARGET = 9.2;
				MTL_ENABLE_DEBUG_INFO = NO;
				SDKROOT = iphoneos;
				VALIDATE_PRODUCT = YES;
			};
			name = Release;
		};
		74F86EA41C6EBF72000479E5 /* Debug */ = {
			isa = XCBuildConfiguration;
			buildSettings = {
				ASSETCATALOG_COMPILER_APPICON_NAME = AppIcon;
				INFOPLIST_FILE = Count4/Info.plist;
				LD_RUNPATH_SEARCH_PATHS = "$(inherited) @executable_path/Frameworks";
				PRODUCT_BUNDLE_IDENTIFIER = com.litech.Count4;
				PRODUCT_NAME = "$(TARGET_NAME)";
			};
			name = Debug;
		};
		74F86EA51C6EBF72000479E5 /* Release */ = {
			isa = XCBuildConfiguration;
			buildSettings = {
				ASSETCATALOG_COMPILER_APPICON_NAME = AppIcon;
				INFOPLIST_FILE = Count4/Info.plist;
				LD_RUNPATH_SEARCH_PATHS = "$(inherited) @executable_path/Frameworks";
				PRODUCT_BUNDLE_IDENTIFIER = com.litech.Count4;
				PRODUCT_NAME = "$(TARGET_NAME)";
			};
			name = Release;
		};
		74F86EA71C6EBF72000479E5 /* Debug */ = {
			isa = XCBuildConfiguration;
			buildSettings = {
				BUNDLE_LOADER = "$(TEST_HOST)";
				INFOPLIST_FILE = Count4Tests/Info.plist;
				LD_RUNPATH_SEARCH_PATHS = "$(inherited) @executable_path/Frameworks @loader_path/Frameworks";
				PRODUCT_BUNDLE_IDENTIFIER = com.litech.Count4Tests;
				PRODUCT_NAME = "$(TARGET_NAME)";
				TEST_HOST = "$(BUILT_PRODUCTS_DIR)/Count4.app/Count4";
			};
			name = Debug;
		};
		74F86EA81C6EBF72000479E5 /* Release */ = {
			isa = XCBuildConfiguration;
			buildSettings = {
				BUNDLE_LOADER = "$(TEST_HOST)";
				INFOPLIST_FILE = Count4Tests/Info.plist;
				LD_RUNPATH_SEARCH_PATHS = "$(inherited) @executable_path/Frameworks @loader_path/Frameworks";
				PRODUCT_BUNDLE_IDENTIFIER = com.litech.Count4Tests;
				PRODUCT_NAME = "$(TARGET_NAME)";
				TEST_HOST = "$(BUILT_PRODUCTS_DIR)/Count4.app/Count4";
			};
			name = Release;
		};
		74F86EAA1C6EBF72000479E5 /* Debug */ = {
			isa = XCBuildConfiguration;
			buildSettings = {
				INFOPLIST_FILE = Count4UITests/Info.plist;
				LD_RUNPATH_SEARCH_PATHS = "$(inherited) @executable_path/Frameworks @loader_path/Frameworks";
				PRODUCT_BUNDLE_IDENTIFIER = com.litech.Count4UITests;
				PRODUCT_NAME = "$(TARGET_NAME)";
				TEST_TARGET_NAME = Count4;
				USES_XCTRUNNER = YES;
			};
			name = Debug;
		};
		74F86EAB1C6EBF72000479E5 /* Release */ = {
			isa = XCBuildConfiguration;
			buildSettings = {
				INFOPLIST_FILE = Count4UITests/Info.plist;
				LD_RUNPATH_SEARCH_PATHS = "$(inherited) @executable_path/Frameworks @loader_path/Frameworks";
				PRODUCT_BUNDLE_IDENTIFIER = com.litech.Count4UITests;
				PRODUCT_NAME = "$(TARGET_NAME)";
				TEST_TARGET_NAME = Count4;
				USES_XCTRUNNER = YES;
			};
			name = Release;
		};
/* End XCBuildConfiguration section */

/* Begin XCConfigurationList section */
		74F86E761C6EBF71000479E5 /* Build configuration list for PBXProject "Count4" */ = {
			isa = XCConfigurationList;
			buildConfigurations = (
				74F86EA11C6EBF72000479E5 /* Debug */,
				74F86EA21C6EBF72000479E5 /* Release */,
			);
			defaultConfigurationIsVisible = 0;
			defaultConfigurationName = Release;
		};
		74F86EA31C6EBF72000479E5 /* Build configuration list for PBXNativeTarget "Count4" */ = {
			isa = XCConfigurationList;
			buildConfigurations = (
				74F86EA41C6EBF72000479E5 /* Debug */,
				74F86EA51C6EBF72000479E5 /* Release */,
			);
			defaultConfigurationIsVisible = 0;
		};
		74F86EA61C6EBF72000479E5 /* Build configuration list for PBXNativeTarget "Count4Tests" */ = {
			isa = XCConfigurationList;
			buildConfigurations = (
				74F86EA71C6EBF72000479E5 /* Debug */,
				74F86EA81C6EBF72000479E5 /* Release */,
			);
			defaultConfigurationIsVisible = 0;
		};
		74F86EA91C6EBF72000479E5 /* Build configuration list for PBXNativeTarget "Count4UITests" */ = {
			isa = XCConfigurationList;
			buildConfigurations = (
				74F86EAA1C6EBF72000479E5 /* Debug */,
				74F86EAB1C6EBF72000479E5 /* Release */,
			);
			defaultConfigurationIsVisible = 0;
		};
/* End XCConfigurationList section */
	};
	rootObject = 74F86E731C6EBF71000479E5 /* Project object */;
}
