// !$*UTF8*$!
{
	archiveVersion = 1;
	classes = {
	};
	objectVersion = 46;
	objects = {

/* Begin PBXBuildFile section */
		74D98C871C6C8CA700345991 /* AppDelegate.swift in Sources */ = {isa = PBXBuildFile; fileRef = 74D98C861C6C8CA700345991 /* AppDelegate.swift */; };
		74D98C891C6C8CA700345991 /* ViewController.swift in Sources */ = {isa = PBXBuildFile; fileRef = 74D98C881C6C8CA700345991 /* ViewController.swift */; };
		74D98C8C1C6C8CA700345991 /* Main.storyboard in Resources */ = {isa = PBXBuildFile; fileRef = 74D98C8A1C6C8CA700345991 /* Main.storyboard */; };
		74D98C8E1C6C8CA700345991 /* Assets.xcassets in Resources */ = {isa = PBXBuildFile; fileRef = 74D98C8D1C6C8CA700345991 /* Assets.xcassets */; };
		74D98C911C6C8CA700345991 /* LaunchScreen.storyboard in Resources */ = {isa = PBXBuildFile; fileRef = 74D98C8F1C6C8CA700345991 /* LaunchScreen.storyboard */; };
		74D98C9C1C6C8CA700345991 /* TechMonsterTests.swift in Sources */ = {isa = PBXBuildFile; fileRef = 74D98C9B1C6C8CA700345991 /* TechMonsterTests.swift */; };
		74D98CA71C6C8CA700345991 /* TechMonsterUITests.swift in Sources */ = {isa = PBXBuildFile; fileRef = 74D98CA61C6C8CA700345991 /* TechMonsterUITests.swift */; };
		74D98CDE1C6C8EA200345991 /* LobbyViewController.swift in Sources */ = {isa = PBXBuildFile; fileRef = 74D98CDD1C6C8EA200345991 /* LobbyViewController.swift */; };
		74D98CF71C6C96BF00345991 /* Default-568h@2x.png in Resources */ = {isa = PBXBuildFile; fileRef = 74D98CE11C6C96BF00345991 /* Default-568h@2x.png */; };
		74D98CF81C6C96BF00345991 /* Default-667h@2x.png in Resources */ = {isa = PBXBuildFile; fileRef = 74D98CE21C6C96BF00345991 /* Default-667h@2x.png */; };
		74D98CF91C6C96BF00345991 /* Default-736h@3x.png in Resources */ = {isa = PBXBuildFile; fileRef = 74D98CE31C6C96BF00345991 /* Default-736h@3x.png */; };
		74D98CFA1C6C96BF00345991 /* misaki_gothic.ttf in Resources */ = {isa = PBXBuildFile; fileRef = 74D98CE51C6C96BF00345991 /* misaki_gothic.ttf */; };
		74D98CFB1C6C96BF00345991 /* battlebg.png in Resources */ = {isa = PBXBuildFile; fileRef = 74D98CE71C6C96BF00345991 /* battlebg.png */; };
		74D98CFC1C6C96BF00345991 /* bgimage.jpg in Resources */ = {isa = PBXBuildFile; fileRef = 74D98CE81C6C96BF00345991 /* bgimage.jpg */; };
		74D98CFD1C6C96BF00345991 /* falcon.png in Resources */ = {isa = PBXBuildFile; fileRef = 74D98CE91C6C96BF00345991 /* falcon.png */; };
		74D98CFE1C6C96BF00345991 /* gold_button.png in Resources */ = {isa = PBXBuildFile; fileRef = 74D98CEA1C6C96BF00345991 /* gold_button.png */; };
		74D98CFF1C6C96BF00345991 /* lobby.png in Resources */ = {isa = PBXBuildFile; fileRef = 74D98CEB1C6C96BF00345991 /* lobby.png */; };
		74D98D001C6C96BF00345991 /* waku.png in Resources */ = {isa = PBXBuildFile; fileRef = 74D98CEC1C6C96BF00345991 /* waku.png */; };
		74D98D011C6C96BF00345991 /* Enemy.swift in Sources */ = {isa = PBXBuildFile; fileRef = 74D98CEE1C6C96BF00345991 /* Enemy.swift */; };
		74D98D021C6C96BF00345991 /* Player.swift in Sources */ = {isa = PBXBuildFile; fileRef = 74D98CEF1C6C96BF00345991 /* Player.swift */; };
		74D98D031C6C96BF00345991 /* TechDraUtility.swift in Sources */ = {isa = PBXBuildFile; fileRef = 74D98CF01C6C96BF00345991 /* TechDraUtility.swift */; };
		74D98D041C6C96BF00345991 /* BGM_battle001.mp3 in Resources */ = {isa = PBXBuildFile; fileRef = 74D98CF21C6C96BF00345991 /* BGM_battle001.mp3 */; };
		74D98D051C6C96BF00345991 /* lobby.mp3 in Resources */ = {isa = PBXBuildFile; fileRef = 74D98CF31C6C96BF00345991 /* lobby.mp3 */; };
		74D98D061C6C96BF00345991 /* SE_attack.mp3 in Resources */ = {isa = PBXBuildFile; fileRef = 74D98CF41C6C96BF00345991 /* SE_attack.mp3 */; };
		74D98D071C6C96BF00345991 /* SE_fanfare.mp3 in Resources */ = {isa = PBXBuildFile; fileRef = 74D98CF51C6C96BF00345991 /* SE_fanfare.mp3 */; };
		74D98D081C6C96BF00345991 /* SE_gameover.mp3 in Resources */ = {isa = PBXBuildFile; fileRef = 74D98CF61C6C96BF00345991 /* SE_gameover.mp3 */; };
/* End PBXBuildFile section */

/* Begin PBXContainerItemProxy section */
		74D98C981C6C8CA700345991 /* PBXContainerItemProxy */ = {
			isa = PBXContainerItemProxy;
			containerPortal = 74D98C7B1C6C8CA600345991 /* Project object */;
			proxyType = 1;
			remoteGlobalIDString = 74D98C821C6C8CA700345991;
			remoteInfo = TechMonster;
		};
		74D98CA31C6C8CA700345991 /* PBXContainerItemProxy */ = {
			isa = PBXContainerItemProxy;
			containerPortal = 74D98C7B1C6C8CA600345991 /* Project object */;
			proxyType = 1;
			remoteGlobalIDString = 74D98C821C6C8CA700345991;
			remoteInfo = TechMonster;
		};
/* End PBXContainerItemProxy section */

/* Begin PBXFileReference section */
		74D98C831C6C8CA700345991 /* TechMonster.app */ = {isa = PBXFileReference; explicitFileType = wrapper.application; includeInIndex = 0; path = TechMonster.app; sourceTree = BUILT_PRODUCTS_DIR; };
		74D98C861C6C8CA700345991 /* AppDelegate.swift */ = {isa = PBXFileReference; lastKnownFileType = sourcecode.swift; path = AppDelegate.swift; sourceTree = "<group>"; };
		74D98C881C6C8CA700345991 /* ViewController.swift */ = {isa = PBXFileReference; lastKnownFileType = sourcecode.swift; path = ViewController.swift; sourceTree = "<group>"; };
		74D98C8B1C6C8CA700345991 /* Base */ = {isa = PBXFileReference; lastKnownFileType = file.storyboard; name = Base; path = Base.lproj/Main.storyboard; sourceTree = "<group>"; };
		74D98C8D1C6C8CA700345991 /* Assets.xcassets */ = {isa = PBXFileReference; lastKnownFileType = folder.assetcatalog; path = Assets.xcassets; sourceTree = "<group>"; };
		74D98C901C6C8CA700345991 /* Base */ = {isa = PBXFileReference; lastKnownFileType = file.storyboard; name = Base; path = Base.lproj/LaunchScreen.storyboard; sourceTree = "<group>"; };
		74D98C921C6C8CA700345991 /* Info.plist */ = {isa = PBXFileReference; lastKnownFileType = text.plist.xml; path = Info.plist; sourceTree = "<group>"; };
		74D98C971C6C8CA700345991 /* TechMonsterTests.xctest */ = {isa = PBXFileReference; explicitFileType = wrapper.cfbundle; includeInIndex = 0; path = TechMonsterTests.xctest; sourceTree = BUILT_PRODUCTS_DIR; };
		74D98C9B1C6C8CA700345991 /* TechMonsterTests.swift */ = {isa = PBXFileReference; lastKnownFileType = sourcecode.swift; path = TechMonsterTests.swift; sourceTree = "<group>"; };
		74D98C9D1C6C8CA700345991 /* Info.plist */ = {isa = PBXFileReference; lastKnownFileType = text.plist.xml; path = Info.plist; sourceTree = "<group>"; };
		74D98CA21C6C8CA700345991 /* TechMonsterUITests.xctest */ = {isa = PBXFileReference; explicitFileType = wrapper.cfbundle; includeInIndex = 0; path = TechMonsterUITests.xctest; sourceTree = BUILT_PRODUCTS_DIR; };
		74D98CA61C6C8CA700345991 /* TechMonsterUITests.swift */ = {isa = PBXFileReference; lastKnownFileType = sourcecode.swift; path = TechMonsterUITests.swift; sourceTree = "<group>"; };
		74D98CA81C6C8CA700345991 /* Info.plist */ = {isa = PBXFileReference; lastKnownFileType = text.plist.xml; path = Info.plist; sourceTree = "<group>"; };
		74D98CDD1C6C8EA200345991 /* LobbyViewController.swift */ = {isa = PBXFileReference; fileEncoding = 4; lastKnownFileType = sourcecode.swift; path = LobbyViewController.swift; sourceTree = "<group>"; };
		74D98CE11C6C96BF00345991 /* Default-568h@2x.png */ = {isa = PBXFileReference; lastKnownFileType = image.png; path = "Default-568h@2x.png"; sourceTree = "<group>"; };
		74D98CE21C6C96BF00345991 /* Default-667h@2x.png */ = {isa = PBXFileReference; lastKnownFileType = image.png; path = "Default-667h@2x.png"; sourceTree = "<group>"; };
		74D98CE31C6C96BF00345991 /* Default-736h@3x.png */ = {isa = PBXFileReference; lastKnownFileType = image.png; path = "Default-736h@3x.png"; sourceTree = "<group>"; };
		74D98CE51C6C96BF00345991 /* misaki_gothic.ttf */ = {isa = PBXFileReference; lastKnownFileType = file; path = misaki_gothic.ttf; sourceTree = "<group>"; };
		74D98CE71C6C96BF00345991 /* battlebg.png */ = {isa = PBXFileReference; lastKnownFileType = image.png; path = battlebg.png; sourceTree = "<group>"; };
		74D98CE81C6C96BF00345991 /* bgimage.jpg */ = {isa = PBXFileReference; lastKnownFileType = image.jpeg; path = bgimage.jpg; sourceTree = "<group>"; };
		74D98CE91C6C96BF00345991 /* falcon.png */ = {isa = PBXFileReference; lastKnownFileType = image.png; path = falcon.png; sourceTree = "<group>"; };
		74D98CEA1C6C96BF00345991 /* gold_button.png */ = {isa = PBXFileReference; lastKnownFileType = image.png; path = gold_button.png; sourceTree = "<group>"; };
		74D98CEB1C6C96BF00345991 /* lobby.png */ = {isa = PBXFileReference; lastKnownFileType = image.png; path = lobby.png; sourceTree = "<group>"; };
		74D98CEC1C6C96BF00345991 /* waku.png */ = {isa = PBXFileReference; lastKnownFileType = image.png; path = waku.png; sourceTree = "<group>"; };
		74D98CEE1C6C96BF00345991 /* Enemy.swift */ = {isa = PBXFileReference; fileEncoding = 4; lastKnownFileType = sourcecode.swift; path = Enemy.swift; sourceTree = "<group>"; };
		74D98CEF1C6C96BF00345991 /* Player.swift */ = {isa = PBXFileReference; fileEncoding = 4; lastKnownFileType = sourcecode.swift; path = Player.swift; sourceTree = "<group>"; };
		74D98CF01C6C96BF00345991 /* TechDraUtility.swift */ = {isa = PBXFileReference; fileEncoding = 4; lastKnownFileType = sourcecode.swift; path = TechDraUtility.swift; sourceTree = "<group>"; };
		74D98CF21C6C96BF00345991 /* BGM_battle001.mp3 */ = {isa = PBXFileReference; lastKnownFileType = audio.mp3; path = BGM_battle001.mp3; sourceTree = "<group>"; };
		74D98CF31C6C96BF00345991 /* lobby.mp3 */ = {isa = PBXFileReference; lastKnownFileType = audio.mp3; path = lobby.mp3; sourceTree = "<group>"; };
		74D98CF41C6C96BF00345991 /* SE_attack.mp3 */ = {isa = PBXFileReference; lastKnownFileType = audio.mp3; path = SE_attack.mp3; sourceTree = "<group>"; };
		74D98CF51C6C96BF00345991 /* SE_fanfare.mp3 */ = {isa = PBXFileReference; lastKnownFileType = audio.mp3; path = SE_fanfare.mp3; sourceTree = "<group>"; };
		74D98CF61C6C96BF00345991 /* SE_gameover.mp3 */ = {isa = PBXFileReference; lastKnownFileType = audio.mp3; path = SE_gameover.mp3; sourceTree = "<group>"; };
/* End PBXFileReference section */

/* Begin PBXFrameworksBuildPhase section */
		74D98C801C6C8CA700345991 /* Frameworks */ = {
			isa = PBXFrameworksBuildPhase;
			buildActionMask = 2147483647;
			files = (
			);
			runOnlyForDeploymentPostprocessing = 0;
		};
		74D98C941C6C8CA700345991 /* Frameworks */ = {
			isa = PBXFrameworksBuildPhase;
			buildActionMask = 2147483647;
			files = (
			);
			runOnlyForDeploymentPostprocessing = 0;
		};
		74D98C9F1C6C8CA700345991 /* Frameworks */ = {
			isa = PBXFrameworksBuildPhase;
			buildActionMask = 2147483647;
			files = (
			);
			runOnlyForDeploymentPostprocessing = 0;
		};
/* End PBXFrameworksBuildPhase section */

/* Begin PBXGroup section */
		74D98C7A1C6C8CA600345991 = {
			isa = PBXGroup;
			children = (
				74D98C851C6C8CA700345991 /* TechMonster */,
				74D98C9A1C6C8CA700345991 /* TechMonsterTests */,
				74D98CA51C6C8CA700345991 /* TechMonsterUITests */,
				74D98C841C6C8CA700345991 /* Products */,
			);
			sourceTree = "<group>";
		};
		74D98C841C6C8CA700345991 /* Products */ = {
			isa = PBXGroup;
			children = (
				74D98C831C6C8CA700345991 /* TechMonster.app */,
				74D98C971C6C8CA700345991 /* TechMonsterTests.xctest */,
				74D98CA21C6C8CA700345991 /* TechMonsterUITests.xctest */,
			);
			name = Products;
			sourceTree = "<group>";
		};
		74D98C851C6C8CA700345991 /* TechMonster */ = {
			isa = PBXGroup;
			children = (
				74D98CDF1C6C96BF00345991 /* TechMon_Resources */,
				74D98C861C6C8CA700345991 /* AppDelegate.swift */,
				74D98C881C6C8CA700345991 /* ViewController.swift */,
				74D98C8A1C6C8CA700345991 /* Main.storyboard */,
				74D98C8D1C6C8CA700345991 /* Assets.xcassets */,
				74D98C8F1C6C8CA700345991 /* LaunchScreen.storyboard */,
				74D98C921C6C8CA700345991 /* Info.plist */,
				74D98CDD1C6C8EA200345991 /* LobbyViewController.swift */,
			);
			path = TechMonster;
			sourceTree = "<group>";
		};
		74D98C9A1C6C8CA700345991 /* TechMonsterTests */ = {
			isa = PBXGroup;
			children = (
				74D98C9B1C6C8CA700345991 /* TechMonsterTests.swift */,
				74D98C9D1C6C8CA700345991 /* Info.plist */,
			);
			path = TechMonsterTests;
			sourceTree = "<group>";
		};
		74D98CA51C6C8CA700345991 /* TechMonsterUITests */ = {
			isa = PBXGroup;
			children = (
				74D98CA61C6C8CA700345991 /* TechMonsterUITests.swift */,
				74D98CA81C6C8CA700345991 /* Info.plist */,
			);
			path = TechMonsterUITests;
			sourceTree = "<group>";
		};
		74D98CDF1C6C96BF00345991 /* TechMon_Resources */ = {
			isa = PBXGroup;
			children = (
				74D98CE01C6C96BF00345991 /* Defaults */,
				74D98CE41C6C96BF00345991 /* Fonts */,
				74D98CE61C6C96BF00345991 /* Images */,
				74D98CED1C6C96BF00345991 /* Models */,
				74D98CF11C6C96BF00345991 /* Sounds */,
			);
			path = TechMon_Resources;
			sourceTree = "<group>";
		};
		74D98CE01C6C96BF00345991 /* Defaults */ = {
			isa = PBXGroup;
			children = (
				74D98CE11C6C96BF00345991 /* Default-568h@2x.png */,
				74D98CE21C6C96BF00345991 /* Default-667h@2x.png */,
				74D98CE31C6C96BF00345991 /* Default-736h@3x.png */,
			);
			path = Defaults;
			sourceTree = "<group>";
		};
		74D98CE41C6C96BF00345991 /* Fonts */ = {
			isa = PBXGroup;
			children = (
				74D98CE51C6C96BF00345991 /* misaki_gothic.ttf */,
			);
			path = Fonts;
			sourceTree = "<group>";
		};
		74D98CE61C6C96BF00345991 /* Images */ = {
			isa = PBXGroup;
			children = (
				74D98CE71C6C96BF00345991 /* battlebg.png */,
				74D98CE81C6C96BF00345991 /* bgimage.jpg */,
				74D98CE91C6C96BF00345991 /* falcon.png */,
				74D98CEA1C6C96BF00345991 /* gold_button.png */,
				74D98CEB1C6C96BF00345991 /* lobby.png */,
				74D98CEC1C6C96BF00345991 /* waku.png */,
			);
			path = Images;
			sourceTree = "<group>";
		};
		74D98CED1C6C96BF00345991 /* Models */ = {
			isa = PBXGroup;
			children = (
				74D98CEE1C6C96BF00345991 /* Enemy.swift */,
				74D98CEF1C6C96BF00345991 /* Player.swift */,
				74D98CF01C6C96BF00345991 /* TechDraUtility.swift */,
			);
			path = Models;
			sourceTree = "<group>";
		};
		74D98CF11C6C96BF00345991 /* Sounds */ = {
			isa = PBXGroup;
			children = (
				74D98CF21C6C96BF00345991 /* BGM_battle001.mp3 */,
				74D98CF31C6C96BF00345991 /* lobby.mp3 */,
				74D98CF41C6C96BF00345991 /* SE_attack.mp3 */,
				74D98CF51C6C96BF00345991 /* SE_fanfare.mp3 */,
				74D98CF61C6C96BF00345991 /* SE_gameover.mp3 */,
			);
			path = Sounds;
			sourceTree = "<group>";
		};
/* End PBXGroup section */

/* Begin PBXNativeTarget section */
		74D98C821C6C8CA700345991 /* TechMonster */ = {
			isa = PBXNativeTarget;
			buildConfigurationList = 74D98CAB1C6C8CA700345991 /* Build configuration list for PBXNativeTarget "TechMonster" */;
			buildPhases = (
				74D98C7F1C6C8CA700345991 /* Sources */,
				74D98C801C6C8CA700345991 /* Frameworks */,
				74D98C811C6C8CA700345991 /* Resources */,
			);
			buildRules = (
			);
			dependencies = (
			);
			name = TechMonster;
			productName = TechMonster;
			productReference = 74D98C831C6C8CA700345991 /* TechMonster.app */;
			productType = "com.apple.product-type.application";
		};
		74D98C961C6C8CA700345991 /* TechMonsterTests */ = {
			isa = PBXNativeTarget;
			buildConfigurationList = 74D98CAE1C6C8CA700345991 /* Build configuration list for PBXNativeTarget "TechMonsterTests" */;
			buildPhases = (
				74D98C931C6C8CA700345991 /* Sources */,
				74D98C941C6C8CA700345991 /* Frameworks */,
				74D98C951C6C8CA700345991 /* Resources */,
			);
			buildRules = (
			);
			dependencies = (
				74D98C991C6C8CA700345991 /* PBXTargetDependency */,
			);
			name = TechMonsterTests;
			productName = TechMonsterTests;
			productReference = 74D98C971C6C8CA700345991 /* TechMonsterTests.xctest */;
			productType = "com.apple.product-type.bundle.unit-test";
		};
		74D98CA11C6C8CA700345991 /* TechMonsterUITests */ = {
			isa = PBXNativeTarget;
			buildConfigurationList = 74D98CB11C6C8CA700345991 /* Build configuration list for PBXNativeTarget "TechMonsterUITests" */;
			buildPhases = (
				74D98C9E1C6C8CA700345991 /* Sources */,
				74D98C9F1C6C8CA700345991 /* Frameworks */,
				74D98CA01C6C8CA700345991 /* Resources */,
			);
			buildRules = (
			);
			dependencies = (
				74D98CA41C6C8CA700345991 /* PBXTargetDependency */,
			);
			name = TechMonsterUITests;
			productName = TechMonsterUITests;
			productReference = 74D98CA21C6C8CA700345991 /* TechMonsterUITests.xctest */;
			productType = "com.apple.product-type.bundle.ui-testing";
		};
/* End PBXNativeTarget section */

/* Begin PBXProject section */
		74D98C7B1C6C8CA600345991 /* Project object */ = {
			isa = PBXProject;
			attributes = {
				LastSwiftUpdateCheck = 0720;
				LastUpgradeCheck = 0720;
				ORGANIZATIONNAME = PCUser;
				TargetAttributes = {
					74D98C821C6C8CA700345991 = {
						CreatedOnToolsVersion = 7.2.1;
						DevelopmentTeam = ACW6WUWCFC;
					};
					74D98C961C6C8CA700345991 = {
						CreatedOnToolsVersion = 7.2.1;
						DevelopmentTeam = ACW6WUWCFC;
						TestTargetID = 74D98C821C6C8CA700345991;
					};
					74D98CA11C6C8CA700345991 = {
						CreatedOnToolsVersion = 7.2.1;
						DevelopmentTeam = ACW6WUWCFC;
						TestTargetID = 74D98C821C6C8CA700345991;
					};
				};
			};
			buildConfigurationList = 74D98C7E1C6C8CA600345991 /* Build configuration list for PBXProject "TechMonster" */;
			compatibilityVersion = "Xcode 3.2";
			developmentRegion = English;
			hasScannedForEncodings = 0;
			knownRegions = (
				en,
				Base,
			);
			mainGroup = 74D98C7A1C6C8CA600345991;
			productRefGroup = 74D98C841C6C8CA700345991 /* Products */;
			projectDirPath = "";
			projectRoot = "";
			targets = (
				74D98C821C6C8CA700345991 /* TechMonster */,
				74D98C961C6C8CA700345991 /* TechMonsterTests */,
				74D98CA11C6C8CA700345991 /* TechMonsterUITests */,
			);
		};
/* End PBXProject section */

/* Begin PBXResourcesBuildPhase section */
		74D98C811C6C8CA700345991 /* Resources */ = {
			isa = PBXResourcesBuildPhase;
			buildActionMask = 2147483647;
			files = (
				74D98D001C6C96BF00345991 /* waku.png in Resources */,
				74D98D071C6C96BF00345991 /* SE_fanfare.mp3 in Resources */,
				74D98C911C6C8CA700345991 /* LaunchScreen.storyboard in Resources */,
				74D98CFE1C6C96BF00345991 /* gold_button.png in Resources */,
				74D98D041C6C96BF00345991 /* BGM_battle001.mp3 in Resources */,
				74D98D051C6C96BF00345991 /* lobby.mp3 in Resources */,
				74D98CFA1C6C96BF00345991 /* misaki_gothic.ttf in Resources */,
				74D98CF71C6C96BF00345991 /* Default-568h@2x.png in Resources */,
				74D98CFF1C6C96BF00345991 /* lobby.png in Resources */,
				74D98C8E1C6C8CA700345991 /* Assets.xcassets in Resources */,
				74D98CFB1C6C96BF00345991 /* battlebg.png in Resources */,
				74D98D061C6C96BF00345991 /* SE_attack.mp3 in Resources */,
				74D98D081C6C96BF00345991 /* SE_gameover.mp3 in Resources */,
				74D98C8C1C6C8CA700345991 /* Main.storyboard in Resources */,
				74D98CFC1C6C96BF00345991 /* bgimage.jpg in Resources */,
				74D98CF81C6C96BF00345991 /* Default-667h@2x.png in Resources */,
				74D98CFD1C6C96BF00345991 /* falcon.png in Resources */,
				74D98CF91C6C96BF00345991 /* Default-736h@3x.png in Resources */,
			);
			runOnlyForDeploymentPostprocessing = 0;
		};
		74D98C951C6C8CA700345991 /* Resources */ = {
			isa = PBXResourcesBuildPhase;
			buildActionMask = 2147483647;
			files = (
			);
			runOnlyForDeploymentPostprocessing = 0;
		};
		74D98CA01C6C8CA700345991 /* Resources */ = {
			isa = PBXResourcesBuildPhase;
			buildActionMask = 2147483647;
			files = (
			);
			runOnlyForDeploymentPostprocessing = 0;
		};
/* End PBXResourcesBuildPhase section */

/* Begin PBXSourcesBuildPhase section */
		74D98C7F1C6C8CA700345991 /* Sources */ = {
			isa = PBXSourcesBuildPhase;
			buildActionMask = 2147483647;
			files = (
				74D98D011C6C96BF00345991 /* Enemy.swift in Sources */,
				74D98C891C6C8CA700345991 /* ViewController.swift in Sources */,
				74D98D031C6C96BF00345991 /* TechDraUtility.swift in Sources */,
				74D98CDE1C6C8EA200345991 /* LobbyViewController.swift in Sources */,
				74D98D021C6C96BF00345991 /* Player.swift in Sources */,
				74D98C871C6C8CA700345991 /* AppDelegate.swift in Sources */,
			);
			runOnlyForDeploymentPostprocessing = 0;
		};
		74D98C931C6C8CA700345991 /* Sources */ = {
			isa = PBXSourcesBuildPhase;
			buildActionMask = 2147483647;
			files = (
				74D98C9C1C6C8CA700345991 /* TechMonsterTests.swift in Sources */,
			);
			runOnlyForDeploymentPostprocessing = 0;
		};
		74D98C9E1C6C8CA700345991 /* Sources */ = {
			isa = PBXSourcesBuildPhase;
			buildActionMask = 2147483647;
			files = (
				74D98CA71C6C8CA700345991 /* TechMonsterUITests.swift in Sources */,
			);
			runOnlyForDeploymentPostprocessing = 0;
		};
/* End PBXSourcesBuildPhase section */

/* Begin PBXTargetDependency section */
		74D98C991C6C8CA700345991 /* PBXTargetDependency */ = {
			isa = PBXTargetDependency;
			target = 74D98C821C6C8CA700345991 /* TechMonster */;
			targetProxy = 74D98C981C6C8CA700345991 /* PBXContainerItemProxy */;
		};
		74D98CA41C6C8CA700345991 /* PBXTargetDependency */ = {
			isa = PBXTargetDependency;
			target = 74D98C821C6C8CA700345991 /* TechMonster */;
			targetProxy = 74D98CA31C6C8CA700345991 /* PBXContainerItemProxy */;
		};
/* End PBXTargetDependency section */

/* Begin PBXVariantGroup section */
		74D98C8A1C6C8CA700345991 /* Main.storyboard */ = {
			isa = PBXVariantGroup;
			children = (
				74D98C8B1C6C8CA700345991 /* Base */,
			);
			name = Main.storyboard;
			sourceTree = "<group>";
		};
		74D98C8F1C6C8CA700345991 /* LaunchScreen.storyboard */ = {
			isa = PBXVariantGroup;
			children = (
				74D98C901C6C8CA700345991 /* Base */,
			);
			name = LaunchScreen.storyboard;
			sourceTree = "<group>";
		};
/* End PBXVariantGroup section */

/* Begin XCBuildConfiguration section */
		74D98CA91C6C8CA700345991 /* Debug */ = {
			isa = XCBuildConfiguration;
			buildSettings = {
				ALWAYS_SEARCH_USER_PATHS = NO;
				CLANG_CXX_LANGUAGE_STANDARD = "gnu++0x";
				CLANG_CXX_LIBRARY = "libc++";
				CLANG_ENABLE_MODULES = YES;
				CLANG_ENABLE_OBJC_ARC = YES;
				CLANG_WARN_BOOL_CONVERSION = YES;
				CLANG_WARN_CONSTANT_CONVERSION = YES;
				CLANG_WARN_DIRECT_OBJC_ISA_USAGE = YES_ERROR;
				CLANG_WARN_EMPTY_BODY = YES;
				CLANG_WARN_ENUM_CONVERSION = YES;
				CLANG_WARN_INT_CONVERSION = YES;
				CLANG_WARN_OBJC_ROOT_CLASS = YES_ERROR;
				CLANG_WARN_UNREACHABLE_CODE = YES;
				CLANG_WARN__DUPLICATE_METHOD_MATCH = YES;
				"CODE_SIGN_IDENTITY[sdk=iphoneos*]" = "iPhone Developer";
				COPY_PHASE_STRIP = NO;
				DEBUG_INFORMATION_FORMAT = dwarf;
				ENABLE_STRICT_OBJC_MSGSEND = YES;
				ENABLE_TESTABILITY = YES;
				GCC_C_LANGUAGE_STANDARD = gnu99;
				GCC_DYNAMIC_NO_PIC = NO;
				GCC_NO_COMMON_BLOCKS = YES;
				GCC_OPTIMIZATION_LEVEL = 0;
				GCC_PREPROCESSOR_DEFINITIONS = (
					"DEBUG=1",
					"$(inherited)",
				);
				GCC_WARN_64_TO_32_BIT_CONVERSION = YES;
				GCC_WARN_ABOUT_RETURN_TYPE = YES_ERROR;
				GCC_WARN_UNDECLARED_SELECTOR = YES;
				GCC_WARN_UNINITIALIZED_AUTOS = YES_AGGRESSIVE;
				GCC_WARN_UNUSED_FUNCTION = YES;
				GCC_WARN_UNUSED_VARIABLE = YES;
				IPHONEOS_DEPLOYMENT_TARGET = 9.2;
				MTL_ENABLE_DEBUG_INFO = YES;
				ONLY_ACTIVE_ARCH = YES;
				SDKROOT = iphoneos;
				SWIFT_OPTIMIZATION_LEVEL = "-Onone";
			};
			name = Debug;
		};
		74D98CAA1C6C8CA700345991 /* Release */ = {
			isa = XCBuildConfiguration;
			buildSettings = {
				ALWAYS_SEARCH_USER_PATHS = NO;
				CLANG_CXX_LANGUAGE_STANDARD = "gnu++0x";
				CLANG_CXX_LIBRARY = "libc++";
				CLANG_ENABLE_MODULES = YES;
				CLANG_ENABLE_OBJC_ARC = YES;
				CLANG_WARN_BOOL_CONVERSION = YES;
				CLANG_WARN_CONSTANT_CONVERSION = YES;
				CLANG_WARN_DIRECT_OBJC_ISA_USAGE = YES_ERROR;
				CLANG_WARN_EMPTY_BODY = YES;
				CLANG_WARN_ENUM_CONVERSION = YES;
				CLANG_WARN_INT_CONVERSION = YES;
				CLANG_WARN_OBJC_ROOT_CLASS = YES_ERROR;
				CLANG_WARN_UNREACHABLE_CODE = YES;
				CLANG_WARN__DUPLICATE_METHOD_MATCH = YES;
				"CODE_SIGN_IDENTITY[sdk=iphoneos*]" = "iPhone Developer";
				COPY_PHASE_STRIP = NO;
				DEBUG_INFORMATION_FORMAT = "dwarf-with-dsym";
				ENABLE_NS_ASSERTIONS = NO;
				ENABLE_STRICT_OBJC_MSGSEND = YES;
				GCC_C_LANGUAGE_STANDARD = gnu99;
				GCC_NO_COMMON_BLOCKS = YES;
				GCC_WARN_64_TO_32_BIT_CONVERSION = YES;
				GCC_WARN_ABOUT_RETURN_TYPE = YES_ERROR;
				GCC_WARN_UNDECLARED_SELECTOR = YES;
				GCC_WARN_UNINITIALIZED_AUTOS = YES_AGGRESSIVE;
				GCC_WARN_UNUSED_FUNCTION = YES;
				GCC_WARN_UNUSED_VARIABLE = YES;
				IPHONEOS_DEPLOYMENT_TARGET = 9.2;
				MTL_ENABLE_DEBUG_INFO = NO;
				SDKROOT = iphoneos;
				VALIDATE_PRODUCT = YES;
			};
			name = Release;
		};
		74D98CAC1C6C8CA700345991 /* Debug */ = {
			isa = XCBuildConfiguration;
			buildSettings = {
				ASSETCATALOG_COMPILER_APPICON_NAME = AppIcon;
				INFOPLIST_FILE = TechMonster/Info.plist;
				LD_RUNPATH_SEARCH_PATHS = "$(inherited) @executable_path/Frameworks";
				PRODUCT_BUNDLE_IDENTIFIER = com.litech.TechMonster;
				PRODUCT_NAME = "$(TARGET_NAME)";
			};
			name = Debug;
		};
		74D98CAD1C6C8CA700345991 /* Release */ = {
			isa = XCBuildConfiguration;
			buildSettings = {
				ASSETCATALOG_COMPILER_APPICON_NAME = AppIcon;
				INFOPLIST_FILE = TechMonster/Info.plist;
				LD_RUNPATH_SEARCH_PATHS = "$(inherited) @executable_path/Frameworks";
				PRODUCT_BUNDLE_IDENTIFIER = com.litech.TechMonster;
				PRODUCT_NAME = "$(TARGET_NAME)";
			};
			name = Release;
		};
		74D98CAF1C6C8CA700345991 /* Debug */ = {
			isa = XCBuildConfiguration;
			buildSettings = {
				BUNDLE_LOADER = "$(TEST_HOST)";
				INFOPLIST_FILE = TechMonsterTests/Info.plist;
				LD_RUNPATH_SEARCH_PATHS = "$(inherited) @executable_path/Frameworks @loader_path/Frameworks";
				PRODUCT_BUNDLE_IDENTIFIER = com.litech.TechMonsterTests;
				PRODUCT_NAME = "$(TARGET_NAME)";
				TEST_HOST = "$(BUILT_PRODUCTS_DIR)/TechMonster.app/TechMonster";
			};
			name = Debug;
		};
		74D98CB01C6C8CA700345991 /* Release */ = {
			isa = XCBuildConfiguration;
			buildSettings = {
				BUNDLE_LOADER = "$(TEST_HOST)";
				INFOPLIST_FILE = TechMonsterTests/Info.plist;
				LD_RUNPATH_SEARCH_PATHS = "$(inherited) @executable_path/Frameworks @loader_path/Frameworks";
				PRODUCT_BUNDLE_IDENTIFIER = com.litech.TechMonsterTests;
				PRODUCT_NAME = "$(TARGET_NAME)";
				TEST_HOST = "$(BUILT_PRODUCTS_DIR)/TechMonster.app/TechMonster";
			};
			name = Release;
		};
		74D98CB21C6C8CA700345991 /* Debug */ = {
			isa = XCBuildConfiguration;
			buildSettings = {
				INFOPLIST_FILE = TechMonsterUITests/Info.plist;
				LD_RUNPATH_SEARCH_PATHS = "$(inherited) @executable_path/Frameworks @loader_path/Frameworks";
				PRODUCT_BUNDLE_IDENTIFIER = com.litech.TechMonsterUITests;
				PRODUCT_NAME = "$(TARGET_NAME)";
				TEST_TARGET_NAME = TechMonster;
				USES_XCTRUNNER = YES;
			};
			name = Debug;
		};
		74D98CB31C6C8CA700345991 /* Release */ = {
			isa = XCBuildConfiguration;
			buildSettings = {
				INFOPLIST_FILE = TechMonsterUITests/Info.plist;
				LD_RUNPATH_SEARCH_PATHS = "$(inherited) @executable_path/Frameworks @loader_path/Frameworks";
				PRODUCT_BUNDLE_IDENTIFIER = com.litech.TechMonsterUITests;
				PRODUCT_NAME = "$(TARGET_NAME)";
				TEST_TARGET_NAME = TechMonster;
				USES_XCTRUNNER = YES;
			};
			name = Release;
		};
/* End XCBuildConfiguration section */

/* Begin XCConfigurationList section */
		74D98C7E1C6C8CA600345991 /* Build configuration list for PBXProject "TechMonster" */ = {
			isa = XCConfigurationList;
			buildConfigurations = (
				74D98CA91C6C8CA700345991 /* Debug */,
				74D98CAA1C6C8CA700345991 /* Release */,
			);
			defaultConfigurationIsVisible = 0;
			defaultConfigurationName = Release;
		};
		74D98CAB1C6C8CA700345991 /* Build configuration list for PBXNativeTarget "TechMonster" */ = {
			isa = XCConfigurationList;
			buildConfigurations = (
				74D98CAC1C6C8CA700345991 /* Debug */,
				74D98CAD1C6C8CA700345991 /* Release */,
			);
			defaultConfigurationIsVisible = 0;
		};
		74D98CAE1C6C8CA700345991 /* Build configuration list for PBXNativeTarget "TechMonsterTests" */ = {
			isa = XCConfigurationList;
			buildConfigurations = (
				74D98CAF1C6C8CA700345991 /* Debug */,
				74D98CB01C6C8CA700345991 /* Release */,
			);
			defaultConfigurationIsVisible = 0;
		};
		74D98CB11C6C8CA700345991 /* Build configuration list for PBXNativeTarget "TechMonsterUITests" */ = {
			isa = XCConfigurationList;
			buildConfigurations = (
				74D98CB21C6C8CA700345991 /* Debug */,
				74D98CB31C6C8CA700345991 /* Release */,
			);
			defaultConfigurationIsVisible = 0;
		};
/* End XCConfigurationList section */
	};
	rootObject = 74D98C7B1C6C8CA600345991 /* Project object */;
}
